
Microsoft Visual Studio Solution File, Format Version 12.00
# Visual Studio Version 16
VisualStudioVersion = 16.0.32413.119
MinimumVisualStudioVersion = 10.0.40219.1
Project("{8BC9CEB8-8B4A-11D0-8D11-00A0C91BC942}") = "Compress", "Tools\Compress\Compress.vcxproj", "{637B3E77-4948-4E61-A37B-13B883A07D69}"
EndProject
Project("{8BC9CEB8-8B4A-11D0-8D11-00A0C91BC942}") = "Compression", "Libraries\Source\Compression\Compression.vcxproj", "{0CB2D4D5-445C-402F-854F-9FE881E634D0}"
EndProject
Project("{8BC9CEB8-8B4A-11D0-8D11-00A0C91BC942}") = "DatGen", "Tools\Launcher\DatGen\DatGen.vcxproj", "{5E7B58A8-9555-4DFF-809D-C16B3554AE75}"
EndProject
Project("{8BC9CEB8-8B4A-11D0-8D11-00A0C91BC942}") = "DebugWindow", "Tools\DebugWindow\DebugWindow.vcxproj", "{81BF40E3-3A09-4F09-9819-E6EA52730B41}"
EndProject
Project("{8BC9CEB8-8B4A-11D0-8D11-00A0C91BC942}") = "EABrowserDispatch", "Libraries\Source\EABrowserDispatch\EABrowserDispatch.vcxproj", "{C8EB9334-E7AE-43F5-9C5B-D0C84B3EE248}"
EndProject
Project("{8BC9CEB8-8B4A-11D0-8D11-00A0C91BC942}") = "GUIEdit", "Tools\GUIEdit\GUIEdit.vcxproj", "{2750BA3B-546E-4614-A6F7-2F075B311ED7}"
EndProject
Project("{8BC9CEB8-8B4A-11D0-8D11-00A0C91BC942}") = "GameEngine", "GameEngine\GameEngine.vcxproj", "{E8D5B54F-076B-4CA0-B2B4-96ABF9F43E62}"
EndProject
Project("{8BC9CEB8-8B4A-11D0-8D11-00A0C91BC942}") = "GameEngineDevice", "GameEngineDevice\GameEngineDevice.vcxproj", "{8270D47D-6F6B-406E-AA1E-1F11A00C96D7}"
EndProject
Project("{8BC9CEB8-8B4A-11D0-8D11-00A0C91BC942}") = "ImagePacker", "Tools\ImagePacker\ImagePacker.vcxproj", "{91D83E74-45EF-4DDC-8F1E-FDD12269C470}"
EndProject
Project("{8BC9CEB8-8B4A-11D0-8D11-00A0C91BC942}") = "MapCacheBuilder", "Tools\MapCacheBuilder\MapCacheBuilder.vcxproj", "{5ECB9A2C-D4E0-423E-A9BA-AB0FA6D0CD63}"
EndProject
Project("{8BC9CEB8-8B4A-11D0-8D11-00A0C91BC942}") = "ParticleEditor", "Tools\ParticleEditor\ParticleEditor.vcxproj", "{66D3C0CA-1BE6-4F44-979F-9E1AC36DF360}"
EndProject
Project("{8BC9CEB8-8B4A-11D0-8D11-00A0C91BC942}") = "RTS", "RTS.vcxproj", "{09BCF78F-48F5-409F-857A-A62F88CC59BA}"
EndProject
Project("{8BC9CEB8-8B4A-11D0-8D11-00A0C91BC942}") = "WWDownload", "Libraries\Source\WWVegas\WWDownload\WWDownload.vcxproj", "{FDDC6AD6-8E40-4373-B418-A6FDF67D13BB}"
EndProject
Project("{8BC9CEB8-8B4A-11D0-8D11-00A0C91BC942}") = "WorldBuilder", "Tools\WorldBuilder\WorldBuilder.vcxproj", "{1FCE226D-CC32-4528-9FF3-71BC7D1C18AE}"
EndProject
Project("{8BC9CEB8-8B4A-11D0-8D11-00A0C91BC942}") = "buildVersionUpdate", "Tools\buildVersionUpdate\buildVersionUpdate.vcxproj", "{FDC481B5-01B8-4985-926F-AEA8BED38171}"
EndProject
Project("{8BC9CEB8-8B4A-11D0-8D11-00A0C91BC942}") = "launcher", "Tools\Launcher\launcher.vcxproj", "{8AD0237D-6B41-492C-BF2A-8E043C48DAD9}"
EndProject
Project("{8BC9CEB8-8B4A-11D0-8D11-00A0C91BC942}") = "max2w3d", "Tools\WW3D\max2w3d\max2w3d.vcxproj", "{5CBDAE04-957B-48F6-978B-F3392C12981B}"
EndProject
Project("{8BC9CEB8-8B4A-11D0-8D11-00A0C91BC942}") = "pluglib", "Tools\WW3D\pluglib\pluglib.vcxproj", "{CFBDE3F6-E7CC-42BB-A98B-2EA2D56B8E7C}"
EndProject
Project("{8BC9CEB8-8B4A-11D0-8D11-00A0C91BC942}") = "textureCompress", "Tools\textureCompress\textureCompress.vcxproj", "{3D25EEAF-137D-4687-989A-B135AA318CE2}"
EndProject
Project("{8BC9CEB8-8B4A-11D0-8D11-00A0C91BC942}") = "versionUpdate", "Tools\versionUpdate\versionUpdate.vcxproj", "{54AD51F5-6D27-4BF8-95CE-A0AEFF609CD8}"
EndProject
Project("{8BC9CEB8-8B4A-11D0-8D11-00A0C91BC942}") = "ww3d2", "Libraries\Source\WWVegas\WW3D2\ww3d2.vcxproj", "{A3718414-8DCE-4E9C-BB1A-D29A9E196AFF}"
EndProject
Project("{8BC9CEB8-8B4A-11D0-8D11-00A0C91BC942}") = "wwdebug", "Libraries\Source\WWVegas\WWDebug\wwdebug.vcxproj", "{BCE0D106-F92E-4CDD-9995-20B0B9011591}"
EndProject
Project("{8BC9CEB8-8B4A-11D0-8D11-00A0C91BC942}") = "wwlib", "Libraries\Source\WWVegas\WWLib\wwlib.vcxproj", "{02AAD019-165D-480C-8988-8F6F96FE804F}"
EndProject
Project("{8BC9CEB8-8B4A-11D0-8D11-00A0C91BC942}") = "wwmath", "Libraries\Source\WWVegas\WWMath\wwmath.vcxproj", "{94FC58EE-CC85-48FC-A16C-8D7D0D91CBAF}"
EndProject
Project("{8BC9CEB8-8B4A-11D0-8D11-00A0C91BC942}") = "wwsaveload", "Libraries\Source\WWVegas\WWSaveLoad\wwsaveload.vcxproj", "{D359ADB2-AA8C-433F-AE84-46DC66AC49E9}"
EndProject
Project("{8BC9CEB8-8B4A-11D0-8D11-00A0C91BC942}") = "wwutil", "Libraries\Source\WWVegas\Wwutil\wwutil.vcxproj", "{56FA33F9-7A93-41C5-AEA3-2A01C6C3F574}"
EndProject
Global
	GlobalSection(SolutionConfigurationPlatforms) = preSolution
		Debug|x86 = Debug|x86
		DebugE|x86 = DebugE|x86
		Hybrid|x86 = Hybrid|x86
		Internal|x86 = Internal|x86
		Max4Hybrid|x86 = Max4Hybrid|x86
		Max4Release|x86 = Max4Release|x86
		Profile|x86 = Profile|x86
		ProfileE|x86 = ProfileE|x86
		Release|x86 = Release|x86
		Template|x86 = Template|x86
	EndGlobalSection
	GlobalSection(ProjectConfigurationPlatforms) = postSolution
		{637B3E77-4948-4E61-A37B-13B883A07D69}.Debug|x86.ActiveCfg = Debug|Win32
		{637B3E77-4948-4E61-A37B-13B883A07D69}.Debug|x86.Build.0 = Debug|Win32
		{637B3E77-4948-4E61-A37B-13B883A07D69}.DebugE|x86.ActiveCfg = Debug|Win32
		{637B3E77-4948-4E61-A37B-13B883A07D69}.DebugE|x86.Build.0 = Debug|Win32
		{637B3E77-4948-4E61-A37B-13B883A07D69}.Hybrid|x86.ActiveCfg = Debug|Win32
		{637B3E77-4948-4E61-A37B-13B883A07D69}.Hybrid|x86.Build.0 = Debug|Win32
		{637B3E77-4948-4E61-A37B-13B883A07D69}.Internal|x86.ActiveCfg = Debug|Win32
		{637B3E77-4948-4E61-A37B-13B883A07D69}.Internal|x86.Build.0 = Debug|Win32
		{637B3E77-4948-4E61-A37B-13B883A07D69}.Max4Hybrid|x86.ActiveCfg = Debug|Win32
		{637B3E77-4948-4E61-A37B-13B883A07D69}.Max4Hybrid|x86.Build.0 = Debug|Win32
		{637B3E77-4948-4E61-A37B-13B883A07D69}.Max4Release|x86.ActiveCfg = Release|Win32
		{637B3E77-4948-4E61-A37B-13B883A07D69}.Max4Release|x86.Build.0 = Release|Win32
		{637B3E77-4948-4E61-A37B-13B883A07D69}.Profile|x86.ActiveCfg = Debug|Win32
		{637B3E77-4948-4E61-A37B-13B883A07D69}.Profile|x86.Build.0 = Debug|Win32
		{637B3E77-4948-4E61-A37B-13B883A07D69}.ProfileE|x86.ActiveCfg = Debug|Win32
		{637B3E77-4948-4E61-A37B-13B883A07D69}.ProfileE|x86.Build.0 = Debug|Win32
		{637B3E77-4948-4E61-A37B-13B883A07D69}.Release|x86.ActiveCfg = Release|Win32
		{637B3E77-4948-4E61-A37B-13B883A07D69}.Release|x86.Build.0 = Release|Win32
		{637B3E77-4948-4E61-A37B-13B883A07D69}.Template|x86.ActiveCfg = Debug|Win32
		{637B3E77-4948-4E61-A37B-13B883A07D69}.Template|x86.Build.0 = Debug|Win32
		{0CB2D4D5-445C-402F-854F-9FE881E634D0}.Debug|x86.ActiveCfg = Debug|Win32
		{0CB2D4D5-445C-402F-854F-9FE881E634D0}.Debug|x86.Build.0 = Debug|Win32
		{0CB2D4D5-445C-402F-854F-9FE881E634D0}.DebugE|x86.ActiveCfg = Debug|Win32
		{0CB2D4D5-445C-402F-854F-9FE881E634D0}.DebugE|x86.Build.0 = Debug|Win32
		{0CB2D4D5-445C-402F-854F-9FE881E634D0}.Hybrid|x86.ActiveCfg = Debug|Win32
		{0CB2D4D5-445C-402F-854F-9FE881E634D0}.Hybrid|x86.Build.0 = Debug|Win32
		{0CB2D4D5-445C-402F-854F-9FE881E634D0}.Internal|x86.ActiveCfg = Internal|Win32
		{0CB2D4D5-445C-402F-854F-9FE881E634D0}.Internal|x86.Build.0 = Internal|Win32
		{0CB2D4D5-445C-402F-854F-9FE881E634D0}.Max4Hybrid|x86.ActiveCfg = Debug|Win32
		{0CB2D4D5-445C-402F-854F-9FE881E634D0}.Max4Hybrid|x86.Build.0 = Debug|Win32
		{0CB2D4D5-445C-402F-854F-9FE881E634D0}.Max4Release|x86.ActiveCfg = Release|Win32
		{0CB2D4D5-445C-402F-854F-9FE881E634D0}.Max4Release|x86.Build.0 = Release|Win32
		{0CB2D4D5-445C-402F-854F-9FE881E634D0}.Profile|x86.ActiveCfg = Debug|Win32
		{0CB2D4D5-445C-402F-854F-9FE881E634D0}.Profile|x86.Build.0 = Debug|Win32
		{0CB2D4D5-445C-402F-854F-9FE881E634D0}.ProfileE|x86.ActiveCfg = Debug|Win32
		{0CB2D4D5-445C-402F-854F-9FE881E634D0}.ProfileE|x86.Build.0 = Debug|Win32
		{0CB2D4D5-445C-402F-854F-9FE881E634D0}.Release|x86.ActiveCfg = Release|Win32
		{0CB2D4D5-445C-402F-854F-9FE881E634D0}.Release|x86.Build.0 = Release|Win32
		{0CB2D4D5-445C-402F-854F-9FE881E634D0}.Template|x86.ActiveCfg = Template|Win32
		{0CB2D4D5-445C-402F-854F-9FE881E634D0}.Template|x86.Build.0 = Template|Win32
		{5E7B58A8-9555-4DFF-809D-C16B3554AE75}.Debug|x86.ActiveCfg = Debug|Win32
		{5E7B58A8-9555-4DFF-809D-C16B3554AE75}.Debug|x86.Build.0 = Debug|Win32
		{5E7B58A8-9555-4DFF-809D-C16B3554AE75}.DebugE|x86.ActiveCfg = Debug|Win32
		{5E7B58A8-9555-4DFF-809D-C16B3554AE75}.DebugE|x86.Build.0 = Debug|Win32
		{5E7B58A8-9555-4DFF-809D-C16B3554AE75}.Hybrid|x86.ActiveCfg = Debug|Win32
		{5E7B58A8-9555-4DFF-809D-C16B3554AE75}.Hybrid|x86.Build.0 = Debug|Win32
		{5E7B58A8-9555-4DFF-809D-C16B3554AE75}.Internal|x86.ActiveCfg = Debug|Win32
		{5E7B58A8-9555-4DFF-809D-C16B3554AE75}.Internal|x86.Build.0 = Debug|Win32
		{5E7B58A8-9555-4DFF-809D-C16B3554AE75}.Max4Hybrid|x86.ActiveCfg = Debug|Win32
		{5E7B58A8-9555-4DFF-809D-C16B3554AE75}.Max4Hybrid|x86.Build.0 = Debug|Win32
		{5E7B58A8-9555-4DFF-809D-C16B3554AE75}.Max4Release|x86.ActiveCfg = Release|Win32
		{5E7B58A8-9555-4DFF-809D-C16B3554AE75}.Max4Release|x86.Build.0 = Release|Win32
		{5E7B58A8-9555-4DFF-809D-C16B3554AE75}.Profile|x86.ActiveCfg = Debug|Win32
		{5E7B58A8-9555-4DFF-809D-C16B3554AE75}.Profile|x86.Build.0 = Debug|Win32
		{5E7B58A8-9555-4DFF-809D-C16B3554AE75}.ProfileE|x86.ActiveCfg = Debug|Win32
		{5E7B58A8-9555-4DFF-809D-C16B3554AE75}.ProfileE|x86.Build.0 = Debug|Win32
		{5E7B58A8-9555-4DFF-809D-C16B3554AE75}.Release|x86.ActiveCfg = Release|Win32
		{5E7B58A8-9555-4DFF-809D-C16B3554AE75}.Release|x86.Build.0 = Release|Win32
		{5E7B58A8-9555-4DFF-809D-C16B3554AE75}.Template|x86.ActiveCfg = Template|Win32
		{5E7B58A8-9555-4DFF-809D-C16B3554AE75}.Template|x86.Build.0 = Template|Win32
		{81BF40E3-3A09-4F09-9819-E6EA52730B41}.Debug|x86.ActiveCfg = Debug|Win32
		{81BF40E3-3A09-4F09-9819-E6EA52730B41}.Debug|x86.Build.0 = Debug|Win32
		{81BF40E3-3A09-4F09-9819-E6EA52730B41}.DebugE|x86.ActiveCfg = Debug|Win32
		{81BF40E3-3A09-4F09-9819-E6EA52730B41}.DebugE|x86.Build.0 = Debug|Win32
		{81BF40E3-3A09-4F09-9819-E6EA52730B41}.Hybrid|x86.ActiveCfg = Debug|Win32
		{81BF40E3-3A09-4F09-9819-E6EA52730B41}.Hybrid|x86.Build.0 = Debug|Win32
		{81BF40E3-3A09-4F09-9819-E6EA52730B41}.Internal|x86.ActiveCfg = Debug|Win32
		{81BF40E3-3A09-4F09-9819-E6EA52730B41}.Internal|x86.Build.0 = Debug|Win32
		{81BF40E3-3A09-4F09-9819-E6EA52730B41}.Max4Hybrid|x86.ActiveCfg = Debug|Win32
		{81BF40E3-3A09-4F09-9819-E6EA52730B41}.Max4Hybrid|x86.Build.0 = Debug|Win32
		{81BF40E3-3A09-4F09-9819-E6EA52730B41}.Max4Release|x86.ActiveCfg = Release|Win32
		{81BF40E3-3A09-4F09-9819-E6EA52730B41}.Max4Release|x86.Build.0 = Release|Win32
		{81BF40E3-3A09-4F09-9819-E6EA52730B41}.Profile|x86.ActiveCfg = Debug|Win32
		{81BF40E3-3A09-4F09-9819-E6EA52730B41}.Profile|x86.Build.0 = Debug|Win32
		{81BF40E3-3A09-4F09-9819-E6EA52730B41}.ProfileE|x86.ActiveCfg = Debug|Win32
		{81BF40E3-3A09-4F09-9819-E6EA52730B41}.ProfileE|x86.Build.0 = Debug|Win32
		{81BF40E3-3A09-4F09-9819-E6EA52730B41}.Release|x86.ActiveCfg = Release|Win32
		{81BF40E3-3A09-4F09-9819-E6EA52730B41}.Release|x86.Build.0 = Release|Win32
		{81BF40E3-3A09-4F09-9819-E6EA52730B41}.Template|x86.ActiveCfg = Template|Win32
		{81BF40E3-3A09-4F09-9819-E6EA52730B41}.Template|x86.Build.0 = Template|Win32
		{C8EB9334-E7AE-43F5-9C5B-D0C84B3EE248}.Debug|x86.ActiveCfg = Debug|Win32
		{C8EB9334-E7AE-43F5-9C5B-D0C84B3EE248}.Debug|x86.Build.0 = Debug|Win32
		{C8EB9334-E7AE-43F5-9C5B-D0C84B3EE248}.DebugE|x86.ActiveCfg = Debug|Win32
		{C8EB9334-E7AE-43F5-9C5B-D0C84B3EE248}.DebugE|x86.Build.0 = Debug|Win32
		{C8EB9334-E7AE-43F5-9C5B-D0C84B3EE248}.Hybrid|x86.ActiveCfg = Debug|Win32
		{C8EB9334-E7AE-43F5-9C5B-D0C84B3EE248}.Hybrid|x86.Build.0 = Debug|Win32
		{C8EB9334-E7AE-43F5-9C5B-D0C84B3EE248}.Internal|x86.ActiveCfg = Internal|Win32
		{C8EB9334-E7AE-43F5-9C5B-D0C84B3EE248}.Internal|x86.Build.0 = Internal|Win32
		{C8EB9334-E7AE-43F5-9C5B-D0C84B3EE248}.Max4Hybrid|x86.ActiveCfg = Debug|Win32
		{C8EB9334-E7AE-43F5-9C5B-D0C84B3EE248}.Max4Hybrid|x86.Build.0 = Debug|Win32
		{C8EB9334-E7AE-43F5-9C5B-D0C84B3EE248}.Max4Release|x86.ActiveCfg = Release|Win32
		{C8EB9334-E7AE-43F5-9C5B-D0C84B3EE248}.Max4Release|x86.Build.0 = Release|Win32
		{C8EB9334-E7AE-43F5-9C5B-D0C84B3EE248}.Profile|x86.ActiveCfg = Debug|Win32
		{C8EB9334-E7AE-43F5-9C5B-D0C84B3EE248}.Profile|x86.Build.0 = Debug|Win32
		{C8EB9334-E7AE-43F5-9C5B-D0C84B3EE248}.ProfileE|x86.ActiveCfg = Debug|Win32
		{C8EB9334-E7AE-43F5-9C5B-D0C84B3EE248}.ProfileE|x86.Build.0 = Debug|Win32
		{C8EB9334-E7AE-43F5-9C5B-D0C84B3EE248}.Release|x86.ActiveCfg = Release|Win32
		{C8EB9334-E7AE-43F5-9C5B-D0C84B3EE248}.Release|x86.Build.0 = Release|Win32
		{C8EB9334-E7AE-43F5-9C5B-D0C84B3EE248}.Template|x86.ActiveCfg = Template|Win32
		{C8EB9334-E7AE-43F5-9C5B-D0C84B3EE248}.Template|x86.Build.0 = Template|Win32
		{2750BA3B-546E-4614-A6F7-2F075B311ED7}.Debug|x86.ActiveCfg = Debug|Win32
		{2750BA3B-546E-4614-A6F7-2F075B311ED7}.Debug|x86.Build.0 = Debug|Win32
		{2750BA3B-546E-4614-A6F7-2F075B311ED7}.DebugE|x86.ActiveCfg = Debug|Win32
		{2750BA3B-546E-4614-A6F7-2F075B311ED7}.DebugE|x86.Build.0 = Debug|Win32
		{2750BA3B-546E-4614-A6F7-2F075B311ED7}.Hybrid|x86.ActiveCfg = Debug|Win32
		{2750BA3B-546E-4614-A6F7-2F075B311ED7}.Hybrid|x86.Build.0 = Debug|Win32
		{2750BA3B-546E-4614-A6F7-2F075B311ED7}.Internal|x86.ActiveCfg = Internal|Win32
		{2750BA3B-546E-4614-A6F7-2F075B311ED7}.Internal|x86.Build.0 = Internal|Win32
		{2750BA3B-546E-4614-A6F7-2F075B311ED7}.Max4Hybrid|x86.ActiveCfg = Debug|Win32
		{2750BA3B-546E-4614-A6F7-2F075B311ED7}.Max4Hybrid|x86.Build.0 = Debug|Win32
		{2750BA3B-546E-4614-A6F7-2F075B311ED7}.Max4Release|x86.ActiveCfg = Release|Win32
		{2750BA3B-546E-4614-A6F7-2F075B311ED7}.Max4Release|x86.Build.0 = Release|Win32
		{2750BA3B-546E-4614-A6F7-2F075B311ED7}.Profile|x86.ActiveCfg = Debug|Win32
		{2750BA3B-546E-4614-A6F7-2F075B311ED7}.Profile|x86.Build.0 = Debug|Win32
		{2750BA3B-546E-4614-A6F7-2F075B311ED7}.ProfileE|x86.ActiveCfg = Debug|Win32
		{2750BA3B-546E-4614-A6F7-2F075B311ED7}.ProfileE|x86.Build.0 = Debug|Win32
		{2750BA3B-546E-4614-A6F7-2F075B311ED7}.Release|x86.ActiveCfg = Release|Win32
		{2750BA3B-546E-4614-A6F7-2F075B311ED7}.Release|x86.Build.0 = Release|Win32
		{2750BA3B-546E-4614-A6F7-2F075B311ED7}.Template|x86.ActiveCfg = Template|Win32
		{2750BA3B-546E-4614-A6F7-2F075B311ED7}.Template|x86.Build.0 = Template|Win32
		{E8D5B54F-076B-4CA0-B2B4-96ABF9F43E62}.Debug|x86.ActiveCfg = Debug|Win32
		{E8D5B54F-076B-4CA0-B2B4-96ABF9F43E62}.Debug|x86.Build.0 = Debug|Win32
		{E8D5B54F-076B-4CA0-B2B4-96ABF9F43E62}.DebugE|x86.ActiveCfg = Debug|Win32
		{E8D5B54F-076B-4CA0-B2B4-96ABF9F43E62}.DebugE|x86.Build.0 = Debug|Win32
		{E8D5B54F-076B-4CA0-B2B4-96ABF9F43E62}.Hybrid|x86.ActiveCfg = Debug|Win32
		{E8D5B54F-076B-4CA0-B2B4-96ABF9F43E62}.Hybrid|x86.Build.0 = Debug|Win32
		{E8D5B54F-076B-4CA0-B2B4-96ABF9F43E62}.Internal|x86.ActiveCfg = Internal|Win32
		{E8D5B54F-076B-4CA0-B2B4-96ABF9F43E62}.Internal|x86.Build.0 = Internal|Win32
		{E8D5B54F-076B-4CA0-B2B4-96ABF9F43E62}.Max4Hybrid|x86.ActiveCfg = Debug|Win32
		{E8D5B54F-076B-4CA0-B2B4-96ABF9F43E62}.Max4Hybrid|x86.Build.0 = Debug|Win32
		{E8D5B54F-076B-4CA0-B2B4-96ABF9F43E62}.Max4Release|x86.ActiveCfg = Release|Win32
		{E8D5B54F-076B-4CA0-B2B4-96ABF9F43E62}.Max4Release|x86.Build.0 = Release|Win32
		{E8D5B54F-076B-4CA0-B2B4-96ABF9F43E62}.Profile|x86.ActiveCfg = Debug|Win32
		{E8D5B54F-076B-4CA0-B2B4-96ABF9F43E62}.Profile|x86.Build.0 = Debug|Win32
		{E8D5B54F-076B-4CA0-B2B4-96ABF9F43E62}.ProfileE|x86.ActiveCfg = Debug|Win32
		{E8D5B54F-076B-4CA0-B2B4-96ABF9F43E62}.ProfileE|x86.Build.0 = Debug|Win32
		{E8D5B54F-076B-4CA0-B2B4-96ABF9F43E62}.Release|x86.ActiveCfg = Release|Win32
		{E8D5B54F-076B-4CA0-B2B4-96ABF9F43E62}.Release|x86.Build.0 = Release|Win32
		{E8D5B54F-076B-4CA0-B2B4-96ABF9F43E62}.Template|x86.ActiveCfg = Template|Win32
		{E8D5B54F-076B-4CA0-B2B4-96ABF9F43E62}.Template|x86.Build.0 = Template|Win32
		{8270D47D-6F6B-406E-AA1E-1F11A00C96D7}.Debug|x86.ActiveCfg = Debug|Win32
		{8270D47D-6F6B-406E-AA1E-1F11A00C96D7}.Debug|x86.Build.0 = Debug|Win32
		{8270D47D-6F6B-406E-AA1E-1F11A00C96D7}.DebugE|x86.ActiveCfg = Debug|Win32
		{8270D47D-6F6B-406E-AA1E-1F11A00C96D7}.DebugE|x86.Build.0 = Debug|Win32
		{8270D47D-6F6B-406E-AA1E-1F11A00C96D7}.Hybrid|x86.ActiveCfg = Debug|Win32
		{8270D47D-6F6B-406E-AA1E-1F11A00C96D7}.Hybrid|x86.Build.0 = Debug|Win32
		{8270D47D-6F6B-406E-AA1E-1F11A00C96D7}.Internal|x86.ActiveCfg = Internal|Win32
		{8270D47D-6F6B-406E-AA1E-1F11A00C96D7}.Internal|x86.Build.0 = Internal|Win32
		{8270D47D-6F6B-406E-AA1E-1F11A00C96D7}.Max4Hybrid|x86.ActiveCfg = Debug|Win32
		{8270D47D-6F6B-406E-AA1E-1F11A00C96D7}.Max4Hybrid|x86.Build.0 = Debug|Win32
		{8270D47D-6F6B-406E-AA1E-1F11A00C96D7}.Max4Release|x86.ActiveCfg = Release|Win32
		{8270D47D-6F6B-406E-AA1E-1F11A00C96D7}.Max4Release|x86.Build.0 = Release|Win32
		{8270D47D-6F6B-406E-AA1E-1F11A00C96D7}.Profile|x86.ActiveCfg = Debug|Win32
		{8270D47D-6F6B-406E-AA1E-1F11A00C96D7}.Profile|x86.Build.0 = Debug|Win32
		{8270D47D-6F6B-406E-AA1E-1F11A00C96D7}.ProfileE|x86.ActiveCfg = Debug|Win32
		{8270D47D-6F6B-406E-AA1E-1F11A00C96D7}.ProfileE|x86.Build.0 = Debug|Win32
		{8270D47D-6F6B-406E-AA1E-1F11A00C96D7}.Release|x86.ActiveCfg = Release|Win32
		{8270D47D-6F6B-406E-AA1E-1F11A00C96D7}.Release|x86.Build.0 = Release|Win32
		{8270D47D-6F6B-406E-AA1E-1F11A00C96D7}.Template|x86.ActiveCfg = Template|Win32
		{8270D47D-6F6B-406E-AA1E-1F11A00C96D7}.Template|x86.Build.0 = Template|Win32
		{91D83E74-45EF-4DDC-8F1E-FDD12269C470}.Debug|x86.ActiveCfg = Debug|Win32
		{91D83E74-45EF-4DDC-8F1E-FDD12269C470}.Debug|x86.Build.0 = Debug|Win32
		{91D83E74-45EF-4DDC-8F1E-FDD12269C470}.DebugE|x86.ActiveCfg = Debug|Win32
		{91D83E74-45EF-4DDC-8F1E-FDD12269C470}.DebugE|x86.Build.0 = Debug|Win32
		{91D83E74-45EF-4DDC-8F1E-FDD12269C470}.Hybrid|x86.ActiveCfg = Debug|Win32
		{91D83E74-45EF-4DDC-8F1E-FDD12269C470}.Hybrid|x86.Build.0 = Debug|Win32
		{91D83E74-45EF-4DDC-8F1E-FDD12269C470}.Internal|x86.ActiveCfg = Internal|Win32
		{91D83E74-45EF-4DDC-8F1E-FDD12269C470}.Internal|x86.Build.0 = Internal|Win32
		{91D83E74-45EF-4DDC-8F1E-FDD12269C470}.Max4Hybrid|x86.ActiveCfg = Debug|Win32
		{91D83E74-45EF-4DDC-8F1E-FDD12269C470}.Max4Hybrid|x86.Build.0 = Debug|Win32
		{91D83E74-45EF-4DDC-8F1E-FDD12269C470}.Max4Release|x86.ActiveCfg = Release|Win32
		{91D83E74-45EF-4DDC-8F1E-FDD12269C470}.Max4Release|x86.Build.0 = Release|Win32
		{91D83E74-45EF-4DDC-8F1E-FDD12269C470}.Profile|x86.ActiveCfg = Debug|Win32
		{91D83E74-45EF-4DDC-8F1E-FDD12269C470}.Profile|x86.Build.0 = Debug|Win32
		{91D83E74-45EF-4DDC-8F1E-FDD12269C470}.ProfileE|x86.ActiveCfg = Debug|Win32
		{91D83E74-45EF-4DDC-8F1E-FDD12269C470}.ProfileE|x86.Build.0 = Debug|Win32
		{91D83E74-45EF-4DDC-8F1E-FDD12269C470}.Release|x86.ActiveCfg = Release|Win32
		{91D83E74-45EF-4DDC-8F1E-FDD12269C470}.Release|x86.Build.0 = Release|Win32
		{91D83E74-45EF-4DDC-8F1E-FDD12269C470}.Template|x86.ActiveCfg = Template|Win32
		{91D83E74-45EF-4DDC-8F1E-FDD12269C470}.Template|x86.Build.0 = Template|Win32
		{5ECB9A2C-D4E0-423E-A9BA-AB0FA6D0CD63}.Debug|x86.ActiveCfg = Debug|Win32
		{5ECB9A2C-D4E0-423E-A9BA-AB0FA6D0CD63}.Debug|x86.Build.0 = Debug|Win32
		{5ECB9A2C-D4E0-423E-A9BA-AB0FA6D0CD63}.DebugE|x86.ActiveCfg = Debug|Win32
		{5ECB9A2C-D4E0-423E-A9BA-AB0FA6D0CD63}.DebugE|x86.Build.0 = Debug|Win32
		{5ECB9A2C-D4E0-423E-A9BA-AB0FA6D0CD63}.Hybrid|x86.ActiveCfg = Debug|Win32
		{5ECB9A2C-D4E0-423E-A9BA-AB0FA6D0CD63}.Hybrid|x86.Build.0 = Debug|Win32
		{5ECB9A2C-D4E0-423E-A9BA-AB0FA6D0CD63}.Internal|x86.ActiveCfg = Internal|Win32
		{5ECB9A2C-D4E0-423E-A9BA-AB0FA6D0CD63}.Internal|x86.Build.0 = Internal|Win32
		{5ECB9A2C-D4E0-423E-A9BA-AB0FA6D0CD63}.Max4Hybrid|x86.ActiveCfg = Debug|Win32
		{5ECB9A2C-D4E0-423E-A9BA-AB0FA6D0CD63}.Max4Hybrid|x86.Build.0 = Debug|Win32
		{5ECB9A2C-D4E0-423E-A9BA-AB0FA6D0CD63}.Max4Release|x86.ActiveCfg = Release|Win32
		{5ECB9A2C-D4E0-423E-A9BA-AB0FA6D0CD63}.Max4Release|x86.Build.0 = Release|Win32
		{5ECB9A2C-D4E0-423E-A9BA-AB0FA6D0CD63}.Profile|x86.ActiveCfg = Debug|Win32
		{5ECB9A2C-D4E0-423E-A9BA-AB0FA6D0CD63}.Profile|x86.Build.0 = Debug|Win32
		{5ECB9A2C-D4E0-423E-A9BA-AB0FA6D0CD63}.ProfileE|x86.ActiveCfg = Debug|Win32
		{5ECB9A2C-D4E0-423E-A9BA-AB0FA6D0CD63}.ProfileE|x86.Build.0 = Debug|Win32
		{5ECB9A2C-D4E0-423E-A9BA-AB0FA6D0CD63}.Release|x86.ActiveCfg = Release|Win32
		{5ECB9A2C-D4E0-423E-A9BA-AB0FA6D0CD63}.Release|x86.Build.0 = Release|Win32
		{5ECB9A2C-D4E0-423E-A9BA-AB0FA6D0CD63}.Template|x86.ActiveCfg = Template|Win32
		{5ECB9A2C-D4E0-423E-A9BA-AB0FA6D0CD63}.Template|x86.Build.0 = Template|Win32
		{66D3C0CA-1BE6-4F44-979F-9E1AC36DF360}.Debug|x86.ActiveCfg = Debug|Win32
		{66D3C0CA-1BE6-4F44-979F-9E1AC36DF360}.Debug|x86.Build.0 = Debug|Win32
		{66D3C0CA-1BE6-4F44-979F-9E1AC36DF360}.DebugE|x86.ActiveCfg = Debug|Win32
		{66D3C0CA-1BE6-4F44-979F-9E1AC36DF360}.DebugE|x86.Build.0 = Debug|Win32
		{66D3C0CA-1BE6-4F44-979F-9E1AC36DF360}.Hybrid|x86.ActiveCfg = Debug|Win32
		{66D3C0CA-1BE6-4F44-979F-9E1AC36DF360}.Hybrid|x86.Build.0 = Debug|Win32
		{66D3C0CA-1BE6-4F44-979F-9E1AC36DF360}.Internal|x86.ActiveCfg = Debug|Win32
		{66D3C0CA-1BE6-4F44-979F-9E1AC36DF360}.Internal|x86.Build.0 = Debug|Win32
		{66D3C0CA-1BE6-4F44-979F-9E1AC36DF360}.Max4Hybrid|x86.ActiveCfg = Debug|Win32
		{66D3C0CA-1BE6-4F44-979F-9E1AC36DF360}.Max4Hybrid|x86.Build.0 = Debug|Win32
		{66D3C0CA-1BE6-4F44-979F-9E1AC36DF360}.Max4Release|x86.ActiveCfg = Release|Win32
		{66D3C0CA-1BE6-4F44-979F-9E1AC36DF360}.Max4Release|x86.Build.0 = Release|Win32
		{66D3C0CA-1BE6-4F44-979F-9E1AC36DF360}.Profile|x86.ActiveCfg = Debug|Win32
		{66D3C0CA-1BE6-4F44-979F-9E1AC36DF360}.Profile|x86.Build.0 = Debug|Win32
		{66D3C0CA-1BE6-4F44-979F-9E1AC36DF360}.ProfileE|x86.ActiveCfg = Debug|Win32
		{66D3C0CA-1BE6-4F44-979F-9E1AC36DF360}.ProfileE|x86.Build.0 = Debug|Win32
		{66D3C0CA-1BE6-4F44-979F-9E1AC36DF360}.Release|x86.ActiveCfg = Release|Win32
		{66D3C0CA-1BE6-4F44-979F-9E1AC36DF360}.Release|x86.Build.0 = Release|Win32
		{66D3C0CA-1BE6-4F44-979F-9E1AC36DF360}.Template|x86.ActiveCfg = Template|Win32
		{66D3C0CA-1BE6-4F44-979F-9E1AC36DF360}.Template|x86.Build.0 = Template|Win32
		{09BCF78F-48F5-409F-857A-A62F88CC59BA}.Debug|x86.ActiveCfg = Debug|Win32
		{09BCF78F-48F5-409F-857A-A62F88CC59BA}.Debug|x86.Build.0 = Debug|Win32
		{09BCF78F-48F5-409F-857A-A62F88CC59BA}.DebugE|x86.ActiveCfg = Debug|Win32
		{09BCF78F-48F5-409F-857A-A62F88CC59BA}.DebugE|x86.Build.0 = Debug|Win32
		{09BCF78F-48F5-409F-857A-A62F88CC59BA}.Hybrid|x86.ActiveCfg = Debug|Win32
		{09BCF78F-48F5-409F-857A-A62F88CC59BA}.Hybrid|x86.Build.0 = Debug|Win32
		{09BCF78F-48F5-409F-857A-A62F88CC59BA}.Internal|x86.ActiveCfg = Internal|Win32
		{09BCF78F-48F5-409F-857A-A62F88CC59BA}.Internal|x86.Build.0 = Internal|Win32
		{09BCF78F-48F5-409F-857A-A62F88CC59BA}.Max4Hybrid|x86.ActiveCfg = Debug|Win32
		{09BCF78F-48F5-409F-857A-A62F88CC59BA}.Max4Hybrid|x86.Build.0 = Debug|Win32
		{09BCF78F-48F5-409F-857A-A62F88CC59BA}.Max4Release|x86.ActiveCfg = Release|Win32
		{09BCF78F-48F5-409F-857A-A62F88CC59BA}.Max4Release|x86.Build.0 = Release|Win32
		{09BCF78F-48F5-409F-857A-A62F88CC59BA}.Profile|x86.ActiveCfg = Debug|Win32
		{09BCF78F-48F5-409F-857A-A62F88CC59BA}.Profile|x86.Build.0 = Debug|Win32
		{09BCF78F-48F5-409F-857A-A62F88CC59BA}.ProfileE|x86.ActiveCfg = Debug|Win32
		{09BCF78F-48F5-409F-857A-A62F88CC59BA}.ProfileE|x86.Build.0 = Debug|Win32
		{09BCF78F-48F5-409F-857A-A62F88CC59BA}.Release|x86.ActiveCfg = Release|Win32
		{09BCF78F-48F5-409F-857A-A62F88CC59BA}.Release|x86.Build.0 = Release|Win32
		{09BCF78F-48F5-409F-857A-A62F88CC59BA}.Template|x86.ActiveCfg = Template|Win32
		{09BCF78F-48F5-409F-857A-A62F88CC59BA}.Template|x86.Build.0 = Template|Win32
		{FDDC6AD6-8E40-4373-B418-A6FDF67D13BB}.Debug|x86.ActiveCfg = Debug|Win32
		{FDDC6AD6-8E40-4373-B418-A6FDF67D13BB}.Debug|x86.Build.0 = Debug|Win32
		{FDDC6AD6-8E40-4373-B418-A6FDF67D13BB}.DebugE|x86.ActiveCfg = Debug|Win32
		{FDDC6AD6-8E40-4373-B418-A6FDF67D13BB}.DebugE|x86.Build.0 = Debug|Win32
		{FDDC6AD6-8E40-4373-B418-A6FDF67D13BB}.Hybrid|x86.ActiveCfg = Debug|Win32
		{FDDC6AD6-8E40-4373-B418-A6FDF67D13BB}.Hybrid|x86.Build.0 = Debug|Win32
		{FDDC6AD6-8E40-4373-B418-A6FDF67D13BB}.Internal|x86.ActiveCfg = Internal|Win32
		{FDDC6AD6-8E40-4373-B418-A6FDF67D13BB}.Internal|x86.Build.0 = Internal|Win32
		{FDDC6AD6-8E40-4373-B418-A6FDF67D13BB}.Max4Hybrid|x86.ActiveCfg = Debug|Win32
		{FDDC6AD6-8E40-4373-B418-A6FDF67D13BB}.Max4Hybrid|x86.Build.0 = Debug|Win32
		{FDDC6AD6-8E40-4373-B418-A6FDF67D13BB}.Max4Release|x86.ActiveCfg = Release|Win32
		{FDDC6AD6-8E40-4373-B418-A6FDF67D13BB}.Max4Release|x86.Build.0 = Release|Win32
		{FDDC6AD6-8E40-4373-B418-A6FDF67D13BB}.Profile|x86.ActiveCfg = Debug|Win32
		{FDDC6AD6-8E40-4373-B418-A6FDF67D13BB}.Profile|x86.Build.0 = Debug|Win32
		{FDDC6AD6-8E40-4373-B418-A6FDF67D13BB}.ProfileE|x86.ActiveCfg = Debug|Win32
		{FDDC6AD6-8E40-4373-B418-A6FDF67D13BB}.ProfileE|x86.Build.0 = Debug|Win32
		{FDDC6AD6-8E40-4373-B418-A6FDF67D13BB}.Release|x86.ActiveCfg = Release|Win32
		{FDDC6AD6-8E40-4373-B418-A6FDF67D13BB}.Release|x86.Build.0 = Release|Win32
		{FDDC6AD6-8E40-4373-B418-A6FDF67D13BB}.Template|x86.ActiveCfg = Template|Win32
		{FDDC6AD6-8E40-4373-B418-A6FDF67D13BB}.Template|x86.Build.0 = Template|Win32
		{1FCE226D-CC32-4528-9FF3-71BC7D1C18AE}.Debug|x86.ActiveCfg = Debug|Win32
		{1FCE226D-CC32-4528-9FF3-71BC7D1C18AE}.Debug|x86.Build.0 = Debug|Win32
		{1FCE226D-CC32-4528-9FF3-71BC7D1C18AE}.DebugE|x86.ActiveCfg = Debug|Win32
		{1FCE226D-CC32-4528-9FF3-71BC7D1C18AE}.DebugE|x86.Build.0 = Debug|Win32
		{1FCE226D-CC32-4528-9FF3-71BC7D1C18AE}.Hybrid|x86.ActiveCfg = Debug|Win32
		{1FCE226D-CC32-4528-9FF3-71BC7D1C18AE}.Hybrid|x86.Build.0 = Debug|Win32
		{1FCE226D-CC32-4528-9FF3-71BC7D1C18AE}.Internal|x86.ActiveCfg = Internal|Win32
		{1FCE226D-CC32-4528-9FF3-71BC7D1C18AE}.Internal|x86.Build.0 = Internal|Win32
		{1FCE226D-CC32-4528-9FF3-71BC7D1C18AE}.Max4Hybrid|x86.ActiveCfg = Debug|Win32
		{1FCE226D-CC32-4528-9FF3-71BC7D1C18AE}.Max4Hybrid|x86.Build.0 = Debug|Win32
		{1FCE226D-CC32-4528-9FF3-71BC7D1C18AE}.Max4Release|x86.ActiveCfg = Release|Win32
		{1FCE226D-CC32-4528-9FF3-71BC7D1C18AE}.Max4Release|x86.Build.0 = Release|Win32
		{1FCE226D-CC32-4528-9FF3-71BC7D1C18AE}.Profile|x86.ActiveCfg = Debug|Win32
		{1FCE226D-CC32-4528-9FF3-71BC7D1C18AE}.Profile|x86.Build.0 = Debug|Win32
		{1FCE226D-CC32-4528-9FF3-71BC7D1C18AE}.ProfileE|x86.ActiveCfg = Debug|Win32
		{1FCE226D-CC32-4528-9FF3-71BC7D1C18AE}.ProfileE|x86.Build.0 = Debug|Win32
		{1FCE226D-CC32-4528-9FF3-71BC7D1C18AE}.Release|x86.ActiveCfg = Release|Win32
		{1FCE226D-CC32-4528-9FF3-71BC7D1C18AE}.Release|x86.Build.0 = Release|Win32
		{1FCE226D-CC32-4528-9FF3-71BC7D1C18AE}.Template|x86.ActiveCfg = Template|Win32
		{1FCE226D-CC32-4528-9FF3-71BC7D1C18AE}.Template|x86.Build.0 = Template|Win32
		{FDC481B5-01B8-4985-926F-AEA8BED38171}.Debug|x86.ActiveCfg = Debug|Win32
		{FDC481B5-01B8-4985-926F-AEA8BED38171}.Debug|x86.Build.0 = Debug|Win32
		{FDC481B5-01B8-4985-926F-AEA8BED38171}.DebugE|x86.ActiveCfg = Debug|Win32
		{FDC481B5-01B8-4985-926F-AEA8BED38171}.DebugE|x86.Build.0 = Debug|Win32
		{FDC481B5-01B8-4985-926F-AEA8BED38171}.Hybrid|x86.ActiveCfg = Debug|Win32
		{FDC481B5-01B8-4985-926F-AEA8BED38171}.Hybrid|x86.Build.0 = Debug|Win32
		{FDC481B5-01B8-4985-926F-AEA8BED38171}.Internal|x86.ActiveCfg = Debug|Win32
		{FDC481B5-01B8-4985-926F-AEA8BED38171}.Internal|x86.Build.0 = Debug|Win32
		{FDC481B5-01B8-4985-926F-AEA8BED38171}.Max4Hybrid|x86.ActiveCfg = Debug|Win32
		{FDC481B5-01B8-4985-926F-AEA8BED38171}.Max4Hybrid|x86.Build.0 = Debug|Win32
		{FDC481B5-01B8-4985-926F-AEA8BED38171}.Max4Release|x86.ActiveCfg = Release|Win32
		{FDC481B5-01B8-4985-926F-AEA8BED38171}.Max4Release|x86.Build.0 = Release|Win32
		{FDC481B5-01B8-4985-926F-AEA8BED38171}.Profile|x86.ActiveCfg = Debug|Win32
		{FDC481B5-01B8-4985-926F-AEA8BED38171}.Profile|x86.Build.0 = Debug|Win32
		{FDC481B5-01B8-4985-926F-AEA8BED38171}.ProfileE|x86.ActiveCfg = Debug|Win32
		{FDC481B5-01B8-4985-926F-AEA8BED38171}.ProfileE|x86.Build.0 = Debug|Win32
		{FDC481B5-01B8-4985-926F-AEA8BED38171}.Release|x86.ActiveCfg = Release|Win32
		{FDC481B5-01B8-4985-926F-AEA8BED38171}.Release|x86.Build.0 = Release|Win32
		{FDC481B5-01B8-4985-926F-AEA8BED38171}.Template|x86.ActiveCfg = Template|Win32
		{FDC481B5-01B8-4985-926F-AEA8BED38171}.Template|x86.Build.0 = Template|Win32
		{8AD0237D-6B41-492C-BF2A-8E043C48DAD9}.Debug|x86.ActiveCfg = Debug|Win32
		{8AD0237D-6B41-492C-BF2A-8E043C48DAD9}.Debug|x86.Build.0 = Debug|Win32
		{8AD0237D-6B41-492C-BF2A-8E043C48DAD9}.DebugE|x86.ActiveCfg = Debug|Win32
		{8AD0237D-6B41-492C-BF2A-8E043C48DAD9}.DebugE|x86.Build.0 = Debug|Win32
		{8AD0237D-6B41-492C-BF2A-8E043C48DAD9}.Hybrid|x86.ActiveCfg = Debug|Win32
		{8AD0237D-6B41-492C-BF2A-8E043C48DAD9}.Hybrid|x86.Build.0 = Debug|Win32
		{8AD0237D-6B41-492C-BF2A-8E043C48DAD9}.Internal|x86.ActiveCfg = Debug|Win32
		{8AD0237D-6B41-492C-BF2A-8E043C48DAD9}.Internal|x86.Build.0 = Debug|Win32
		{8AD0237D-6B41-492C-BF2A-8E043C48DAD9}.Max4Hybrid|x86.ActiveCfg = Debug|Win32
		{8AD0237D-6B41-492C-BF2A-8E043C48DAD9}.Max4Hybrid|x86.Build.0 = Debug|Win32
		{8AD0237D-6B41-492C-BF2A-8E043C48DAD9}.Max4Release|x86.ActiveCfg = Release|Win32
		{8AD0237D-6B41-492C-BF2A-8E043C48DAD9}.Max4Release|x86.Build.0 = Release|Win32
		{8AD0237D-6B41-492C-BF2A-8E043C48DAD9}.Profile|x86.ActiveCfg = Debug|Win32
		{8AD0237D-6B41-492C-BF2A-8E043C48DAD9}.Profile|x86.Build.0 = Debug|Win32
		{8AD0237D-6B41-492C-BF2A-8E043C48DAD9}.ProfileE|x86.ActiveCfg = Debug|Win32
		{8AD0237D-6B41-492C-BF2A-8E043C48DAD9}.ProfileE|x86.Build.0 = Debug|Win32
		{8AD0237D-6B41-492C-BF2A-8E043C48DAD9}.Release|x86.ActiveCfg = Release|Win32
		{8AD0237D-6B41-492C-BF2A-8E043C48DAD9}.Release|x86.Build.0 = Release|Win32
		{8AD0237D-6B41-492C-BF2A-8E043C48DAD9}.Template|x86.ActiveCfg = Template|Win32
		{8AD0237D-6B41-492C-BF2A-8E043C48DAD9}.Template|x86.Build.0 = Template|Win32
		{5CBDAE04-957B-48F6-978B-F3392C12981B}.Debug|x86.ActiveCfg = Debug|Win32
		{5CBDAE04-957B-48F6-978B-F3392C12981B}.Debug|x86.Build.0 = Debug|Win32
		{5CBDAE04-957B-48F6-978B-F3392C12981B}.DebugE|x86.ActiveCfg = Debug|Win32
		{5CBDAE04-957B-48F6-978B-F3392C12981B}.DebugE|x86.Build.0 = Debug|Win32
		{5CBDAE04-957B-48F6-978B-F3392C12981B}.Hybrid|x86.ActiveCfg = Hybrid|Win32
		{5CBDAE04-957B-48F6-978B-F3392C12981B}.Hybrid|x86.Build.0 = Hybrid|Win32
		{5CBDAE04-957B-48F6-978B-F3392C12981B}.Internal|x86.ActiveCfg = Debug|Win32
		{5CBDAE04-957B-48F6-978B-F3392C12981B}.Internal|x86.Build.0 = Debug|Win32
		{5CBDAE04-957B-48F6-978B-F3392C12981B}.Max4Hybrid|x86.ActiveCfg = Max4Hybrid|Win32
		{5CBDAE04-957B-48F6-978B-F3392C12981B}.Max4Hybrid|x86.Build.0 = Max4Hybrid|Win32
		{5CBDAE04-957B-48F6-978B-F3392C12981B}.Max4Release|x86.ActiveCfg = Max4Release|Win32
		{5CBDAE04-957B-48F6-978B-F3392C12981B}.Max4Release|x86.Build.0 = Max4Release|Win32
		{5CBDAE04-957B-48F6-978B-F3392C12981B}.Profile|x86.ActiveCfg = Debug|Win32
		{5CBDAE04-957B-48F6-978B-F3392C12981B}.Profile|x86.Build.0 = Debug|Win32
		{5CBDAE04-957B-48F6-978B-F3392C12981B}.ProfileE|x86.ActiveCfg = Debug|Win32
		{5CBDAE04-957B-48F6-978B-F3392C12981B}.ProfileE|x86.Build.0 = Debug|Win32
		{5CBDAE04-957B-48F6-978B-F3392C12981B}.Release|x86.ActiveCfg = Release|Win32
		{5CBDAE04-957B-48F6-978B-F3392C12981B}.Release|x86.Build.0 = Release|Win32
		{5CBDAE04-957B-48F6-978B-F3392C12981B}.Template|x86.ActiveCfg = Template|Win32
		{5CBDAE04-957B-48F6-978B-F3392C12981B}.Template|x86.Build.0 = Template|Win32
		{CFBDE3F6-E7CC-42BB-A98B-2EA2D56B8E7C}.Debug|x86.ActiveCfg = Debug|Win32
		{CFBDE3F6-E7CC-42BB-A98B-2EA2D56B8E7C}.Debug|x86.Build.0 = Debug|Win32
		{CFBDE3F6-E7CC-42BB-A98B-2EA2D56B8E7C}.DebugE|x86.ActiveCfg = Debug|Win32
		{CFBDE3F6-E7CC-42BB-A98B-2EA2D56B8E7C}.DebugE|x86.Build.0 = Debug|Win32
		{CFBDE3F6-E7CC-42BB-A98B-2EA2D56B8E7C}.Hybrid|x86.ActiveCfg = Hybrid|Win32
		{CFBDE3F6-E7CC-42BB-A98B-2EA2D56B8E7C}.Hybrid|x86.Build.0 = Hybrid|Win32
		{CFBDE3F6-E7CC-42BB-A98B-2EA2D56B8E7C}.Internal|x86.ActiveCfg = Debug|Win32
		{CFBDE3F6-E7CC-42BB-A98B-2EA2D56B8E7C}.Internal|x86.Build.0 = Debug|Win32
		{CFBDE3F6-E7CC-42BB-A98B-2EA2D56B8E7C}.Max4Hybrid|x86.ActiveCfg = Hybrid|Win32
		{CFBDE3F6-E7CC-42BB-A98B-2EA2D56B8E7C}.Max4Hybrid|x86.Build.0 = Hybrid|Win32
		{CFBDE3F6-E7CC-42BB-A98B-2EA2D56B8E7C}.Max4Release|x86.ActiveCfg = Release|Win32
		{CFBDE3F6-E7CC-42BB-A98B-2EA2D56B8E7C}.Max4Release|x86.Build.0 = Release|Win32
		{CFBDE3F6-E7CC-42BB-A98B-2EA2D56B8E7C}.Profile|x86.ActiveCfg = Debug|Win32
		{CFBDE3F6-E7CC-42BB-A98B-2EA2D56B8E7C}.Profile|x86.Build.0 = Debug|Win32
		{CFBDE3F6-E7CC-42BB-A98B-2EA2D56B8E7C}.ProfileE|x86.ActiveCfg = Debug|Win32
		{CFBDE3F6-E7CC-42BB-A98B-2EA2D56B8E7C}.ProfileE|x86.Build.0 = Debug|Win32
		{CFBDE3F6-E7CC-42BB-A98B-2EA2D56B8E7C}.Release|x86.ActiveCfg = Release|Win32
		{CFBDE3F6-E7CC-42BB-A98B-2EA2D56B8E7C}.Release|x86.Build.0 = Release|Win32
		{CFBDE3F6-E7CC-42BB-A98B-2EA2D56B8E7C}.Template|x86.ActiveCfg = Template|Win32
		{CFBDE3F6-E7CC-42BB-A98B-2EA2D56B8E7C}.Template|x86.Build.0 = Template|Win32
		{3D25EEAF-137D-4687-989A-B135AA318CE2}.Debug|x86.ActiveCfg = Debug|Win32
		{3D25EEAF-137D-4687-989A-B135AA318CE2}.Debug|x86.Build.0 = Debug|Win32
		{3D25EEAF-137D-4687-989A-B135AA318CE2}.DebugE|x86.ActiveCfg = Debug|Win32
		{3D25EEAF-137D-4687-989A-B135AA318CE2}.DebugE|x86.Build.0 = Debug|Win32
		{3D25EEAF-137D-4687-989A-B135AA318CE2}.Hybrid|x86.ActiveCfg = Debug|Win32
		{3D25EEAF-137D-4687-989A-B135AA318CE2}.Hybrid|x86.Build.0 = Debug|Win32
		{3D25EEAF-137D-4687-989A-B135AA318CE2}.Internal|x86.ActiveCfg = Debug|Win32
		{3D25EEAF-137D-4687-989A-B135AA318CE2}.Internal|x86.Build.0 = Debug|Win32
		{3D25EEAF-137D-4687-989A-B135AA318CE2}.Max4Hybrid|x86.ActiveCfg = Debug|Win32
		{3D25EEAF-137D-4687-989A-B135AA318CE2}.Max4Hybrid|x86.Build.0 = Debug|Win32
		{3D25EEAF-137D-4687-989A-B135AA318CE2}.Max4Release|x86.ActiveCfg = Release|Win32
		{3D25EEAF-137D-4687-989A-B135AA318CE2}.Max4Release|x86.Build.0 = Release|Win32
		{3D25EEAF-137D-4687-989A-B135AA318CE2}.Profile|x86.ActiveCfg = Debug|Win32
		{3D25EEAF-137D-4687-989A-B135AA318CE2}.Profile|x86.Build.0 = Debug|Win32
		{3D25EEAF-137D-4687-989A-B135AA318CE2}.ProfileE|x86.ActiveCfg = Debug|Win32
		{3D25EEAF-137D-4687-989A-B135AA318CE2}.ProfileE|x86.Build.0 = Debug|Win32
		{3D25EEAF-137D-4687-989A-B135AA318CE2}.Release|x86.ActiveCfg = Release|Win32
		{3D25EEAF-137D-4687-989A-B135AA318CE2}.Release|x86.Build.0 = Release|Win32
		{3D25EEAF-137D-4687-989A-B135AA318CE2}.Template|x86.ActiveCfg = Template|Win32
		{3D25EEAF-137D-4687-989A-B135AA318CE2}.Template|x86.Build.0 = Template|Win32
		{54AD51F5-6D27-4BF8-95CE-A0AEFF609CD8}.Debug|x86.ActiveCfg = Debug|Win32
		{54AD51F5-6D27-4BF8-95CE-A0AEFF609CD8}.Debug|x86.Build.0 = Debug|Win32
		{54AD51F5-6D27-4BF8-95CE-A0AEFF609CD8}.DebugE|x86.ActiveCfg = Debug|Win32
		{54AD51F5-6D27-4BF8-95CE-A0AEFF609CD8}.DebugE|x86.Build.0 = Debug|Win32
		{54AD51F5-6D27-4BF8-95CE-A0AEFF609CD8}.Hybrid|x86.ActiveCfg = Debug|Win32
		{54AD51F5-6D27-4BF8-95CE-A0AEFF609CD8}.Hybrid|x86.Build.0 = Debug|Win32
		{54AD51F5-6D27-4BF8-95CE-A0AEFF609CD8}.Internal|x86.ActiveCfg = Debug|Win32
		{54AD51F5-6D27-4BF8-95CE-A0AEFF609CD8}.Internal|x86.Build.0 = Debug|Win32
		{54AD51F5-6D27-4BF8-95CE-A0AEFF609CD8}.Max4Hybrid|x86.ActiveCfg = Debug|Win32
		{54AD51F5-6D27-4BF8-95CE-A0AEFF609CD8}.Max4Hybrid|x86.Build.0 = Debug|Win32
		{54AD51F5-6D27-4BF8-95CE-A0AEFF609CD8}.Max4Release|x86.ActiveCfg = Release|Win32
		{54AD51F5-6D27-4BF8-95CE-A0AEFF609CD8}.Max4Release|x86.Build.0 = Release|Win32
		{54AD51F5-6D27-4BF8-95CE-A0AEFF609CD8}.Profile|x86.ActiveCfg = Debug|Win32
		{54AD51F5-6D27-4BF8-95CE-A0AEFF609CD8}.Profile|x86.Build.0 = Debug|Win32
		{54AD51F5-6D27-4BF8-95CE-A0AEFF609CD8}.ProfileE|x86.ActiveCfg = Debug|Win32
		{54AD51F5-6D27-4BF8-95CE-A0AEFF609CD8}.ProfileE|x86.Build.0 = Debug|Win32
		{54AD51F5-6D27-4BF8-95CE-A0AEFF609CD8}.Release|x86.ActiveCfg = Release|Win32
		{54AD51F5-6D27-4BF8-95CE-A0AEFF609CD8}.Release|x86.Build.0 = Release|Win32
		{54AD51F5-6D27-4BF8-95CE-A0AEFF609CD8}.Template|x86.ActiveCfg = Template|Win32
		{54AD51F5-6D27-4BF8-95CE-A0AEFF609CD8}.Template|x86.Build.0 = Template|Win32
		{A3718414-8DCE-4E9C-BB1A-D29A9E196AFF}.Debug|x86.ActiveCfg = Debug|Win32
		{A3718414-8DCE-4E9C-BB1A-D29A9E196AFF}.Debug|x86.Build.0 = Debug|Win32
		{A3718414-8DCE-4E9C-BB1A-D29A9E196AFF}.DebugE|x86.ActiveCfg = DebugE|Win32
		{A3718414-8DCE-4E9C-BB1A-D29A9E196AFF}.DebugE|x86.Build.0 = DebugE|Win32
		{A3718414-8DCE-4E9C-BB1A-D29A9E196AFF}.Hybrid|x86.ActiveCfg = Debug|Win32
		{A3718414-8DCE-4E9C-BB1A-D29A9E196AFF}.Hybrid|x86.Build.0 = Debug|Win32
		{A3718414-8DCE-4E9C-BB1A-D29A9E196AFF}.Internal|x86.ActiveCfg = Internal|Win32
		{A3718414-8DCE-4E9C-BB1A-D29A9E196AFF}.Internal|x86.Build.0 = Internal|Win32
		{A3718414-8DCE-4E9C-BB1A-D29A9E196AFF}.Max4Hybrid|x86.ActiveCfg = Debug|Win32
		{A3718414-8DCE-4E9C-BB1A-D29A9E196AFF}.Max4Hybrid|x86.Build.0 = Debug|Win32
		{A3718414-8DCE-4E9C-BB1A-D29A9E196AFF}.Max4Release|x86.ActiveCfg = Release|Win32
		{A3718414-8DCE-4E9C-BB1A-D29A9E196AFF}.Max4Release|x86.Build.0 = Release|Win32
		{A3718414-8DCE-4E9C-BB1A-D29A9E196AFF}.Profile|x86.ActiveCfg = Profile|Win32
		{A3718414-8DCE-4E9C-BB1A-D29A9E196AFF}.Profile|x86.Build.0 = Profile|Win32
		{A3718414-8DCE-4E9C-BB1A-D29A9E196AFF}.ProfileE|x86.ActiveCfg = ProfileE|Win32
		{A3718414-8DCE-4E9C-BB1A-D29A9E196AFF}.ProfileE|x86.Build.0 = ProfileE|Win32
		{A3718414-8DCE-4E9C-BB1A-D29A9E196AFF}.Release|x86.ActiveCfg = Release|Win32
		{A3718414-8DCE-4E9C-BB1A-D29A9E196AFF}.Release|x86.Build.0 = Release|Win32
		{A3718414-8DCE-4E9C-BB1A-D29A9E196AFF}.Template|x86.ActiveCfg = Template|Win32
		{A3718414-8DCE-4E9C-BB1A-D29A9E196AFF}.Template|x86.Build.0 = Template|Win32
		{BCE0D106-F92E-4CDD-9995-20B0B9011591}.Debug|x86.ActiveCfg = Debug|Win32
		{BCE0D106-F92E-4CDD-9995-20B0B9011591}.Debug|x86.Build.0 = Debug|Win32
		{BCE0D106-F92E-4CDD-9995-20B0B9011591}.DebugE|x86.ActiveCfg = Debug|Win32
		{BCE0D106-F92E-4CDD-9995-20B0B9011591}.DebugE|x86.Build.0 = Debug|Win32
		{BCE0D106-F92E-4CDD-9995-20B0B9011591}.Hybrid|x86.ActiveCfg = Debug|Win32
		{BCE0D106-F92E-4CDD-9995-20B0B9011591}.Hybrid|x86.Build.0 = Debug|Win32
		{BCE0D106-F92E-4CDD-9995-20B0B9011591}.Internal|x86.ActiveCfg = Internal|Win32
		{BCE0D106-F92E-4CDD-9995-20B0B9011591}.Internal|x86.Build.0 = Internal|Win32
		{BCE0D106-F92E-4CDD-9995-20B0B9011591}.Max4Hybrid|x86.ActiveCfg = Debug|Win32
		{BCE0D106-F92E-4CDD-9995-20B0B9011591}.Max4Hybrid|x86.Build.0 = Debug|Win32
		{BCE0D106-F92E-4CDD-9995-20B0B9011591}.Max4Release|x86.ActiveCfg = Release|Win32
		{BCE0D106-F92E-4CDD-9995-20B0B9011591}.Max4Release|x86.Build.0 = Release|Win32
		{BCE0D106-F92E-4CDD-9995-20B0B9011591}.Profile|x86.ActiveCfg = Profile|Win32
		{BCE0D106-F92E-4CDD-9995-20B0B9011591}.Profile|x86.Build.0 = Profile|Win32
		{BCE0D106-F92E-4CDD-9995-20B0B9011591}.ProfileE|x86.ActiveCfg = Profile|Win32
		{BCE0D106-F92E-4CDD-9995-20B0B9011591}.ProfileE|x86.Build.0 = Profile|Win32
		{BCE0D106-F92E-4CDD-9995-20B0B9011591}.Release|x86.ActiveCfg = Release|Win32
		{BCE0D106-F92E-4CDD-9995-20B0B9011591}.Release|x86.Build.0 = Release|Win32
		{BCE0D106-F92E-4CDD-9995-20B0B9011591}.Template|x86.ActiveCfg = Template|Win32
		{BCE0D106-F92E-4CDD-9995-20B0B9011591}.Template|x86.Build.0 = Template|Win32
		{02AAD019-165D-480C-8988-8F6F96FE804F}.Debug|x86.ActiveCfg = Debug|Win32
		{02AAD019-165D-480C-8988-8F6F96FE804F}.Debug|x86.Build.0 = Debug|Win32
		{02AAD019-165D-480C-8988-8F6F96FE804F}.DebugE|x86.ActiveCfg = Debug|Win32
		{02AAD019-165D-480C-8988-8F6F96FE804F}.DebugE|x86.Build.0 = Debug|Win32
		{02AAD019-165D-480C-8988-8F6F96FE804F}.Hybrid|x86.ActiveCfg = Debug|Win32
		{02AAD019-165D-480C-8988-8F6F96FE804F}.Hybrid|x86.Build.0 = Debug|Win32
		{02AAD019-165D-480C-8988-8F6F96FE804F}.Internal|x86.ActiveCfg = Internal|Win32
		{02AAD019-165D-480C-8988-8F6F96FE804F}.Internal|x86.Build.0 = Internal|Win32
		{02AAD019-165D-480C-8988-8F6F96FE804F}.Max4Hybrid|x86.ActiveCfg = Debug|Win32
		{02AAD019-165D-480C-8988-8F6F96FE804F}.Max4Hybrid|x86.Build.0 = Debug|Win32
		{02AAD019-165D-480C-8988-8F6F96FE804F}.Max4Release|x86.ActiveCfg = Release|Win32
		{02AAD019-165D-480C-8988-8F6F96FE804F}.Max4Release|x86.Build.0 = Release|Win32
		{02AAD019-165D-480C-8988-8F6F96FE804F}.Profile|x86.ActiveCfg = Profile|Win32
		{02AAD019-165D-480C-8988-8F6F96FE804F}.Profile|x86.Build.0 = Profile|Win32
		{02AAD019-165D-480C-8988-8F6F96FE804F}.ProfileE|x86.ActiveCfg = Profile|Win32
		{02AAD019-165D-480C-8988-8F6F96FE804F}.ProfileE|x86.Build.0 = Profile|Win32
		{02AAD019-165D-480C-8988-8F6F96FE804F}.Release|x86.ActiveCfg = Release|Win32
		{02AAD019-165D-480C-8988-8F6F96FE804F}.Release|x86.Build.0 = Release|Win32
		{02AAD019-165D-480C-8988-8F6F96FE804F}.Template|x86.ActiveCfg = Template|Win32
		{02AAD019-165D-480C-8988-8F6F96FE804F}.Template|x86.Build.0 = Template|Win32
		{94FC58EE-CC85-48FC-A16C-8D7D0D91CBAF}.Debug|x86.ActiveCfg = Debug|Win32
		{94FC58EE-CC85-48FC-A16C-8D7D0D91CBAF}.Debug|x86.Build.0 = Debug|Win32
		{94FC58EE-CC85-48FC-A16C-8D7D0D91CBAF}.DebugE|x86.ActiveCfg = Debug|Win32
		{94FC58EE-CC85-48FC-A16C-8D7D0D91CBAF}.DebugE|x86.Build.0 = Debug|Win32
		{94FC58EE-CC85-48FC-A16C-8D7D0D91CBAF}.Hybrid|x86.ActiveCfg = Debug|Win32
		{94FC58EE-CC85-48FC-A16C-8D7D0D91CBAF}.Hybrid|x86.Build.0 = Debug|Win32
		{94FC58EE-CC85-48FC-A16C-8D7D0D91CBAF}.Internal|x86.ActiveCfg = Internal|Win32
		{94FC58EE-CC85-48FC-A16C-8D7D0D91CBAF}.Internal|x86.Build.0 = Internal|Win32
		{94FC58EE-CC85-48FC-A16C-8D7D0D91CBAF}.Max4Hybrid|x86.ActiveCfg = Debug|Win32
		{94FC58EE-CC85-48FC-A16C-8D7D0D91CBAF}.Max4Hybrid|x86.Build.0 = Debug|Win32
		{94FC58EE-CC85-48FC-A16C-8D7D0D91CBAF}.Max4Release|x86.ActiveCfg = Release|Win32
		{94FC58EE-CC85-48FC-A16C-8D7D0D91CBAF}.Max4Release|x86.Build.0 = Release|Win32
		{94FC58EE-CC85-48FC-A16C-8D7D0D91CBAF}.Profile|x86.ActiveCfg = Profile|Win32
		{94FC58EE-CC85-48FC-A16C-8D7D0D91CBAF}.Profile|x86.Build.0 = Profile|Win32
		{94FC58EE-CC85-48FC-A16C-8D7D0D91CBAF}.ProfileE|x86.ActiveCfg = Profile|Win32
		{94FC58EE-CC85-48FC-A16C-8D7D0D91CBAF}.ProfileE|x86.Build.0 = Profile|Win32
		{94FC58EE-CC85-48FC-A16C-8D7D0D91CBAF}.Release|x86.ActiveCfg = Release|Win32
		{94FC58EE-CC85-48FC-A16C-8D7D0D91CBAF}.Release|x86.Build.0 = Release|Win32
		{94FC58EE-CC85-48FC-A16C-8D7D0D91CBAF}.Template|x86.ActiveCfg = Template|Win32
		{94FC58EE-CC85-48FC-A16C-8D7D0D91CBAF}.Template|x86.Build.0 = Template|Win32
		{D359ADB2-AA8C-433F-AE84-46DC66AC49E9}.Debug|x86.ActiveCfg = Debug|Win32
		{D359ADB2-AA8C-433F-AE84-46DC66AC49E9}.Debug|x86.Build.0 = Debug|Win32
		{D359ADB2-AA8C-433F-AE84-46DC66AC49E9}.DebugE|x86.ActiveCfg = DebugE|Win32
		{D359ADB2-AA8C-433F-AE84-46DC66AC49E9}.DebugE|x86.Build.0 = DebugE|Win32
		{D359ADB2-AA8C-433F-AE84-46DC66AC49E9}.Hybrid|x86.ActiveCfg = Debug|Win32
		{D359ADB2-AA8C-433F-AE84-46DC66AC49E9}.Hybrid|x86.Build.0 = Debug|Win32
		{D359ADB2-AA8C-433F-AE84-46DC66AC49E9}.Internal|x86.ActiveCfg = Internal|Win32
		{D359ADB2-AA8C-433F-AE84-46DC66AC49E9}.Internal|x86.Build.0 = Internal|Win32
		{D359ADB2-AA8C-433F-AE84-46DC66AC49E9}.Max4Hybrid|x86.ActiveCfg = Debug|Win32
		{D359ADB2-AA8C-433F-AE84-46DC66AC49E9}.Max4Hybrid|x86.Build.0 = Debug|Win32
		{D359ADB2-AA8C-433F-AE84-46DC66AC49E9}.Max4Release|x86.ActiveCfg = Release|Win32
		{D359ADB2-AA8C-433F-AE84-46DC66AC49E9}.Max4Release|x86.Build.0 = Release|Win32
		{D359ADB2-AA8C-433F-AE84-46DC66AC49E9}.Profile|x86.ActiveCfg = Profile|Win32
		{D359ADB2-AA8C-433F-AE84-46DC66AC49E9}.Profile|x86.Build.0 = Profile|Win32
		{D359ADB2-AA8C-433F-AE84-46DC66AC49E9}.ProfileE|x86.ActiveCfg = ProfileE|Win32
		{D359ADB2-AA8C-433F-AE84-46DC66AC49E9}.ProfileE|x86.Build.0 = ProfileE|Win32
		{D359ADB2-AA8C-433F-AE84-46DC66AC49E9}.Release|x86.ActiveCfg = Release|Win32
		{D359ADB2-AA8C-433F-AE84-46DC66AC49E9}.Release|x86.Build.0 = Release|Win32
		{D359ADB2-AA8C-433F-AE84-46DC66AC49E9}.Template|x86.ActiveCfg = Template|Win32
		{D359ADB2-AA8C-433F-AE84-46DC66AC49E9}.Template|x86.Build.0 = Template|Win32
		{56FA33F9-7A93-41C5-AEA3-2A01C6C3F574}.Debug|x86.ActiveCfg = Debug|Win32
		{56FA33F9-7A93-41C5-AEA3-2A01C6C3F574}.Debug|x86.Build.0 = Debug|Win32
		{56FA33F9-7A93-41C5-AEA3-2A01C6C3F574}.DebugE|x86.ActiveCfg = Debug|Win32
		{56FA33F9-7A93-41C5-AEA3-2A01C6C3F574}.DebugE|x86.Build.0 = Debug|Win32
		{56FA33F9-7A93-41C5-AEA3-2A01C6C3F574}.Hybrid|x86.ActiveCfg = Debug|Win32
		{56FA33F9-7A93-41C5-AEA3-2A01C6C3F574}.Hybrid|x86.Build.0 = Debug|Win32
		{56FA33F9-7A93-41C5-AEA3-2A01C6C3F574}.Internal|x86.ActiveCfg = Internal|Win32
		{56FA33F9-7A93-41C5-AEA3-2A01C6C3F574}.Internal|x86.Build.0 = Internal|Win32
		{56FA33F9-7A93-41C5-AEA3-2A01C6C3F574}.Max4Hybrid|x86.ActiveCfg = Debug|Win32
		{56FA33F9-7A93-41C5-AEA3-2A01C6C3F574}.Max4Hybrid|x86.Build.0 = Debug|Win32
		{56FA33F9-7A93-41C5-AEA3-2A01C6C3F574}.Max4Release|x86.ActiveCfg = Release|Win32
		{56FA33F9-7A93-41C5-AEA3-2A01C6C3F574}.Max4Release|x86.Build.0 = Release|Win32
		{56FA33F9-7A93-41C5-AEA3-2A01C6C3F574}.Profile|x86.ActiveCfg = Profile|Win32
		{56FA33F9-7A93-41C5-AEA3-2A01C6C3F574}.Profile|x86.Build.0 = Profile|Win32
		{56FA33F9-7A93-41C5-AEA3-2A01C6C3F574}.ProfileE|x86.ActiveCfg = Profile|Win32
		{56FA33F9-7A93-41C5-AEA3-2A01C6C3F574}.ProfileE|x86.Build.0 = Profile|Win32
		{56FA33F9-7A93-41C5-AEA3-2A01C6C3F574}.Release|x86.ActiveCfg = Release|Win32
		{56FA33F9-7A93-41C5-AEA3-2A01C6C3F574}.Release|x86.Build.0 = Release|Win32
		{56FA33F9-7A93-41C5-AEA3-2A01C6C3F574}.Template|x86.ActiveCfg = Template|Win32
		{56FA33F9-7A93-41C5-AEA3-2A01C6C3F574}.Template|x86.Build.0 = Template|Win32
	EndGlobalSection
	GlobalSection(SolutionProperties) = preSolution
		HideSolutionNode = FALSE
	EndGlobalSection
	GlobalSection(ExtensibilityGlobals) = postSolution
		SolutionGuid = {D8BDE213-518A-4758-B447-E1CFD0BFD272}
	EndGlobalSection
EndGlobal
