<?xml version="1.0" encoding="utf-8"?>
<Project ToolsVersion="4.0" xmlns="http://schemas.microsoft.com/developer/msbuild/2003">
  <ItemGroup>
    <Filter Include="Source Files">
      <UniqueIdentifier>{17f26e4a-833b-4a96-b06c-48276c180191}</UniqueIdentifier>
      <Extensions>cpp;c;cxx;rc;def;r;odl;idl;hpj;bat</Extensions>
    </Filter>
    <Filter Include="Source Files\Window Procedures">
      <UniqueIdentifier>{838775af-e191-4258-980f-6c46e771c834}</UniqueIdentifier>
    </Filter>
    <Filter Include="Header Files">
      <UniqueIdentifier>{f78a7a7c-a3ef-408b-9950-48d6987bbb63}</UniqueIdentifier>
      <Extensions>h;hpp;hxx;hm;inl</Extensions>
    </Filter>
    <Filter Include="Resource Files">
      <UniqueIdentifier>{a8d00194-4ea7-4e35-bb6b-49f6fddbdd17}</UniqueIdentifier>
      <Extensions>ico;cur;bmp;dlg;rc2;rct;bin;rgs;gif;jpg;jpeg;jpe</Extensions>
    </Filter>
  </ItemGroup>
  <ItemGroup>
    <ClCompile Include="Source\Window Procedures\DirectorySelect.cpp">
      <Filter>Source Files\Window Procedures</Filter>
    </ClCompile>
    <ClCompile Include="Source\Window Procedures\ImageErrorProc.cpp">
      <Filter>Source Files\Window Procedures</Filter>
    </ClCompile>
    <ClCompile Include="Source\Window Procedures\ImagePackerProc.cpp">
      <Filter>Source Files\Window Procedures</Filter>
    </ClCompile>
    <ClCompile Include="Source\Window Procedures\PageErrorProc.cpp">
      <Filter>Source Files\Window Procedures</Filter>
    </ClCompile>
    <ClCompile Include="Source\Window Procedures\PreviewProc.cpp">
      <Filter>Source Files\Window Procedures</Filter>
    </ClCompile>
    <ClCompile Include="Source\ImageInfo.cpp">
      <Filter>Source Files</Filter>
    </ClCompile>
    <ClCompile Include="Source\ImagePacker.cpp">
      <Filter>Source Files</Filter>
    </ClCompile>
    <ClCompile Include="Source\TexturePage.cpp">
      <Filter>Source Files</Filter>
    </ClCompile>
    <ClCompile Include="Source\WinMain.cpp">
      <Filter>Source Files</Filter>
    </ClCompile>
  </ItemGroup>
  <ItemGroup>
    <ClInclude Include="Include\ImageDirectory.h">
      <Filter>Header Files</Filter>
    </ClInclude>
    <ClInclude Include="Include\ImageInfo.h">
      <Filter>Header Files</Filter>
    </ClInclude>
    <ClInclude Include="Include\ImagePacker.h">
      <Filter>Header Files</Filter>
    </ClInclude>
    <ClInclude Include="Include\TexturePage.h">
      <Filter>Header Files</Filter>
    </ClInclude>
    <ClInclude Include="Include\WindowProc.h">
      <Filter>Header Files</Filter>
    </ClInclude>
    <ClInclude Include="Include\WinMain.h">
      <Filter>Header Files</Filter>
    </ClInclude>
    <ClInclude Include="Resource\Resource.h">
      <Filter>Resource Files</Filter>
    </ClInclude>
  </ItemGroup>
  <ItemGroup>
    <ResourceCompile Include="Resource\ImagePacker.rc">
      <Filter>Resource Files</Filter>
    </ResourceCompile>
  </ItemGroup>
</Project>