<?xml version="1.0" encoding="utf-8"?>
<Project ToolsVersion="4.0" xmlns="http://schemas.microsoft.com/developer/msbuild/2003">
  <ItemGroup>
    <Filter Include="Source">
      <UniqueIdentifier>{2fa74f78-dd37-4209-a4a7-3bc7ee4ada76}</UniqueIdentifier>
    </Filter>
    <Filter Include="Source\W3DDevice">
      <UniqueIdentifier>{f5a0f54c-9864-460d-878c-9dfc0eb3f1ae}</UniqueIdentifier>
    </Filter>
    <Filter Include="Source\W3DDevice\GameLogic %28W3DDevice%29">
      <UniqueIdentifier>{70875639-86e5-4453-b515-f4031bf335eb}</UniqueIdentifier>
    </Filter>
    <Filter Include="Source\W3DDevice\Common %28W3DDevice%29">
      <UniqueIdentifier>{40a6829a-4278-4e34-9a10-c09a21eac071}</UniqueIdentifier>
    </Filter>
    <Filter Include="Source\W3DDevice\Common %28W3DDevice%29\Thing %28W3DDevice%29">
      <UniqueIdentifier>{82ce5bea-f240-4093-98ee-38f88b0f446a}</UniqueIdentifier>
    </Filter>
    <Filter Include="Source\W3DDevice\Common %28W3DDevice%29\System %28W3DDevice%29">
      <UniqueIdentifier>{de78362c-173c-4ace-9676-1fc69e95ce2e}</UniqueIdentifier>
    </Filter>
    <Filter Include="Source\W3DDevice\GameClient %28W3DDevice%29">
      <UniqueIdentifier>{a5a9340b-12d8-4675-99b6-e4c121fa7348}</UniqueIdentifier>
    </Filter>
    <Filter Include="Source\W3DDevice\GameClient %28W3DDevice%29\Drawable %28W3DDevice%29">
      <UniqueIdentifier>{80221ecf-ddd4-4d55-8359-04abc369746e}</UniqueIdentifier>
    </Filter>
    <Filter Include="Source\W3DDevice\GameClient %28W3DDevice%29\Drawable %28W3DDevice%29\Draw %28W3DDevice%29">
      <UniqueIdentifier>{de2a6854-2bce-4e30-b7fd-49c938957eb7}</UniqueIdentifier>
    </Filter>
    <Filter Include="Source\W3DDevice\GameClient %28W3DDevice%29\GUI %28W3DDevice%29">
      <UniqueIdentifier>{02a67c6e-24e4-4db6-b10d-0485a55166b9}</UniqueIdentifier>
    </Filter>
    <Filter Include="Source\W3DDevice\GameClient %28W3DDevice%29\GUI %28W3DDevice%29\Gadget %28W3DDevice%29">
      <UniqueIdentifier>{0ef65391-44e7-466b-b529-4887868a14bb}</UniqueIdentifier>
    </Filter>
    <Filter Include="Source\W3DDevice\GameClient %28W3DDevice%29\GUI %28W3DDevice%29\GUICallbacks">
      <UniqueIdentifier>{550bf144-17ca-424c-ad60-fab97765d5dd}</UniqueIdentifier>
    </Filter>
    <Filter Include="Source\W3DDevice\GameClient %28W3DDevice%29\GUI %28W3DDevice%29\GUICallbacks\Menus">
      <UniqueIdentifier>{eb7ea2c0-c27d-4630-a6cb-221fd7619fc2}</UniqueIdentifier>
    </Filter>
    <Filter Include="Source\W3DDevice\GameClient %28W3DDevice%29\Water">
      <UniqueIdentifier>{80a05da0-4e88-4133-84a5-6346e01f6fa3}</UniqueIdentifier>
    </Filter>
    <Filter Include="Source\W3DDevice\GameClient %28W3DDevice%29\Shaders">
      <UniqueIdentifier>{e360b317-4ecf-489f-ba74-be8a7894b983}</UniqueIdentifier>
    </Filter>
    <Filter Include="Source\W3DDevice\GameClient %28W3DDevice%29\Shadow">
      <UniqueIdentifier>{64271dd8-6736-463e-86df-02237f57cc2e}</UniqueIdentifier>
    </Filter>
    <Filter Include="Source\Win32Device">
      <UniqueIdentifier>{91e6801b-9b68-47a2-a99b-750376613863}</UniqueIdentifier>
    </Filter>
    <Filter Include="Source\Win32Device\Common %28Win32Device%29">
      <UniqueIdentifier>{9bd51593-9a36-48ae-8976-48710ecf02e2}</UniqueIdentifier>
    </Filter>
    <Filter Include="Source\Win32Device\GameClient %28Win32Device%29">
      <UniqueIdentifier>{ea5aa012-ee96-4813-98a9-d31b9b35ba0b}</UniqueIdentifier>
    </Filter>
    <Filter Include="Source\VideoDevice">
      <UniqueIdentifier>{6733a3b6-9a16-4621-a7a3-01b90fd87499}</UniqueIdentifier>
    </Filter>
    <Filter Include="Source\VideoDevice\Bink">
      <UniqueIdentifier>{8b700e77-a639-406a-b0bc-89be7fc0eb6f}</UniqueIdentifier>
    </Filter>
    <Filter Include="Source\MilesAudioDevice">
      <UniqueIdentifier>{a985f874-e3a6-4bac-872a-b72b6358d57e}</UniqueIdentifier>
    </Filter>
    <Filter Include="Include">
      <UniqueIdentifier>{d2724c4a-abfd-4237-acc0-d9a9bbaa3541}</UniqueIdentifier>
    </Filter>
    <Filter Include="Include\W3DDevice H">
      <UniqueIdentifier>{e394b0eb-092a-40bb-befd-764ec54b9801}</UniqueIdentifier>
    </Filter>
    <Filter Include="Include\W3DDevice H\GameLogic H %28W3DDevice%29">
      <UniqueIdentifier>{4fd30a8a-251f-4c55-9cd7-9aaf4e5cdf7b}</UniqueIdentifier>
    </Filter>
    <Filter Include="Include\W3DDevice H\Common H %28W3DDevice%29">
      <UniqueIdentifier>{f4b2351d-1c8b-457d-b651-2daaf2c7d2e6}</UniqueIdentifier>
    </Filter>
    <Filter Include="Include\W3DDevice H\GameClient H %28W3DDevice%29">
      <UniqueIdentifier>{a3844cdd-05d0-4677-b08c-8d16462af68a}</UniqueIdentifier>
    </Filter>
    <Filter Include="Include\W3DDevice H\GameClient H %28W3DDevice%29\Module H %28W3DDevice%29">
      <UniqueIdentifier>{0e449439-b1dc-459a-8cff-25b85f92dce5}</UniqueIdentifier>
    </Filter>
    <Filter Include="Include\Win32Device H">
      <UniqueIdentifier>{5bdb4440-f2c5-442a-8365-2ec532465bae}</UniqueIdentifier>
    </Filter>
    <Filter Include="Include\Win32Device H\Common H %28Win32Device%29">
      <UniqueIdentifier>{8530a434-d1ad-4566-984a-8b6b8ea7ce30}</UniqueIdentifier>
    </Filter>
    <Filter Include="Include\Win32Device H\GameClient H %28Win32Device%29">
      <UniqueIdentifier>{d787eef1-9ed7-4c2e-a8ab-0fe93632ee88}</UniqueIdentifier>
    </Filter>
    <Filter Include="Include\VideoDevice H">
      <UniqueIdentifier>{4c5d19d0-4170-4fc1-a5e2-63b916925d6b}</UniqueIdentifier>
    </Filter>
    <Filter Include="Include\VideoDevice H\Bink H">
      <UniqueIdentifier>{6b12fb44-145d-4ea0-989e-0329f3570853}</UniqueIdentifier>
    </Filter>
    <Filter Include="Include\MilesAudioDevice H">
      <UniqueIdentifier>{9c606ea8-8de7-4349-9f63-c1a66f6011a0}</UniqueIdentifier>
    </Filter>
  </ItemGroup>
  <ItemGroup>
    <ClCompile Include="Source\W3DDevice\GameLogic\W3DGameLogic.cpp">
      <Filter>Source\W3DDevice\GameLogic %28W3DDevice%29</Filter>
    </ClCompile>
    <ClCompile Include="Source\W3DDevice\GameLogic\W3DGhostObject.cpp">
      <Filter>Source\W3DDevice\GameLogic %28W3DDevice%29</Filter>
    </ClCompile>
    <ClCompile Include="Source\W3DDevice\GameLogic\W3DTerrainLogic.cpp">
      <Filter>Source\W3DDevice\GameLogic %28W3DDevice%29</Filter>
    </ClCompile>
    <ClCompile Include="Source\W3DDevice\Common\Thing\W3DModuleFactory.cpp">
      <Filter>Source\W3DDevice\Common %28W3DDevice%29\Thing %28W3DDevice%29</Filter>
    </ClCompile>
    <ClCompile Include="Source\W3DDevice\Common\Thing\W3DThingFactory.cpp">
      <Filter>Source\W3DDevice\Common %28W3DDevice%29\Thing %28W3DDevice%29</Filter>
    </ClCompile>
    <ClCompile Include="Source\W3DDevice\Common\System\W3DFunctionLexicon.cpp">
      <Filter>Source\W3DDevice\Common %28W3DDevice%29\System %28W3DDevice%29</Filter>
    </ClCompile>
    <ClCompile Include="Source\W3DDevice\Common\System\W3DRadar.cpp">
      <Filter>Source\W3DDevice\Common %28W3DDevice%29\System %28W3DDevice%29</Filter>
    </ClCompile>
    <ClCompile Include="Source\W3DDevice\Common\W3DConvert.cpp">
      <Filter>Source\W3DDevice\Common %28W3DDevice%29</Filter>
    </ClCompile>
    <ClCompile Include="Source\W3DDevice\GameClient\Drawable\Draw\W3DDebrisDraw.cpp">
      <Filter>Source\W3DDevice\GameClient %28W3DDevice%29\Drawable %28W3DDevice%29\Draw %28W3DDevice%29</Filter>
    </ClCompile>
    <ClCompile Include="Source\W3DDevice\GameClient\Drawable\Draw\W3DDefaultDraw.cpp">
      <Filter>Source\W3DDevice\GameClient %28W3DDevice%29\Drawable %28W3DDevice%29\Draw %28W3DDevice%29</Filter>
    </ClCompile>
    <ClCompile Include="Source\W3DDevice\GameClient\Drawable\Draw\W3DDependencyModelDraw.cpp">
      <Filter>Source\W3DDevice\GameClient %28W3DDevice%29\Drawable %28W3DDevice%29\Draw %28W3DDevice%29</Filter>
    </ClCompile>
    <ClCompile Include="Source\W3DDevice\GameClient\Drawable\Draw\W3DLaserDraw.cpp">
      <Filter>Source\W3DDevice\GameClient %28W3DDevice%29\Drawable %28W3DDevice%29\Draw %28W3DDevice%29</Filter>
    </ClCompile>
    <ClCompile Include="Source\W3DDevice\GameClient\Drawable\Draw\W3DModelDraw.cpp">
      <Filter>Source\W3DDevice\GameClient %28W3DDevice%29\Drawable %28W3DDevice%29\Draw %28W3DDevice%29</Filter>
    </ClCompile>
    <ClCompile Include="Source\W3DDevice\GameClient\Drawable\Draw\W3DOverlordTankDraw.cpp">
      <Filter>Source\W3DDevice\GameClient %28W3DDevice%29\Drawable %28W3DDevice%29\Draw %28W3DDevice%29</Filter>
    </ClCompile>
    <ClCompile Include="Source\W3DDevice\GameClient\Drawable\Draw\W3DPoliceCarDraw.cpp">
      <Filter>Source\W3DDevice\GameClient %28W3DDevice%29\Drawable %28W3DDevice%29\Draw %28W3DDevice%29</Filter>
    </ClCompile>
    <ClCompile Include="Source\W3DDevice\GameClient\Drawable\Draw\W3DProjectileStreamDraw.cpp">
      <Filter>Source\W3DDevice\GameClient %28W3DDevice%29\Drawable %28W3DDevice%29\Draw %28W3DDevice%29</Filter>
    </ClCompile>
    <ClCompile Include="Source\W3DDevice\GameClient\Drawable\Draw\W3DRopeDraw.cpp">
      <Filter>Source\W3DDevice\GameClient %28W3DDevice%29\Drawable %28W3DDevice%29\Draw %28W3DDevice%29</Filter>
    </ClCompile>
    <ClCompile Include="Source\W3DDevice\GameClient\Drawable\Draw\W3DScienceModelDraw.cpp">
      <Filter>Source\W3DDevice\GameClient %28W3DDevice%29\Drawable %28W3DDevice%29\Draw %28W3DDevice%29</Filter>
    </ClCompile>
    <ClCompile Include="Source\W3DDevice\GameClient\Drawable\Draw\W3DSupplyDraw.cpp">
      <Filter>Source\W3DDevice\GameClient %28W3DDevice%29\Drawable %28W3DDevice%29\Draw %28W3DDevice%29</Filter>
    </ClCompile>
    <ClCompile Include="Source\W3DDevice\GameClient\Drawable\Draw\W3DTankDraw.cpp">
      <Filter>Source\W3DDevice\GameClient %28W3DDevice%29\Drawable %28W3DDevice%29\Draw %28W3DDevice%29</Filter>
    </ClCompile>
    <ClCompile Include="Source\W3DDevice\GameClient\Drawable\Draw\W3DTankTruckDraw.cpp">
      <Filter>Source\W3DDevice\GameClient %28W3DDevice%29\Drawable %28W3DDevice%29\Draw %28W3DDevice%29</Filter>
    </ClCompile>
    <ClCompile Include="Source\W3DDevice\GameClient\Drawable\Draw\W3DTracerDraw.cpp">
      <Filter>Source\W3DDevice\GameClient %28W3DDevice%29\Drawable %28W3DDevice%29\Draw %28W3DDevice%29</Filter>
    </ClCompile>
    <ClCompile Include="Source\W3DDevice\GameClient\Drawable\Draw\W3DTruckDraw.cpp">
      <Filter>Source\W3DDevice\GameClient %28W3DDevice%29\Drawable %28W3DDevice%29\Draw %28W3DDevice%29</Filter>
    </ClCompile>
    <ClCompile Include="Source\W3DDevice\GameClient\GUI\Gadget\W3DCheckBox.cpp">
      <Filter>Source\W3DDevice\GameClient %28W3DDevice%29\GUI %28W3DDevice%29\Gadget %28W3DDevice%29</Filter>
    </ClCompile>
    <ClCompile Include="Source\W3DDevice\GameClient\GUI\Gadget\W3DComboBox.cpp">
      <Filter>Source\W3DDevice\GameClient %28W3DDevice%29\GUI %28W3DDevice%29\Gadget %28W3DDevice%29</Filter>
    </ClCompile>
    <ClCompile Include="Source\W3DDevice\GameClient\GUI\Gadget\W3DHorizontalSlider.cpp">
      <Filter>Source\W3DDevice\GameClient %28W3DDevice%29\GUI %28W3DDevice%29\Gadget %28W3DDevice%29</Filter>
    </ClCompile>
    <ClCompile Include="Source\W3DDevice\GameClient\GUI\Gadget\W3DListBox.cpp">
      <Filter>Source\W3DDevice\GameClient %28W3DDevice%29\GUI %28W3DDevice%29\Gadget %28W3DDevice%29</Filter>
    </ClCompile>
    <ClCompile Include="Source\W3DDevice\GameClient\GUI\Gadget\W3DProgressBar.cpp">
      <Filter>Source\W3DDevice\GameClient %28W3DDevice%29\GUI %28W3DDevice%29\Gadget %28W3DDevice%29</Filter>
    </ClCompile>
    <ClCompile Include="Source\W3DDevice\GameClient\GUI\Gadget\W3DPushButton.cpp">
      <Filter>Source\W3DDevice\GameClient %28W3DDevice%29\GUI %28W3DDevice%29\Gadget %28W3DDevice%29</Filter>
    </ClCompile>
    <ClCompile Include="Source\W3DDevice\GameClient\GUI\Gadget\W3DRadioButton.cpp">
      <Filter>Source\W3DDevice\GameClient %28W3DDevice%29\GUI %28W3DDevice%29\Gadget %28W3DDevice%29</Filter>
    </ClCompile>
    <ClCompile Include="Source\W3DDevice\GameClient\GUI\Gadget\W3DStaticText.cpp">
      <Filter>Source\W3DDevice\GameClient %28W3DDevice%29\GUI %28W3DDevice%29\Gadget %28W3DDevice%29</Filter>
    </ClCompile>
    <ClCompile Include="Source\W3DDevice\GameClient\GUI\Gadget\W3DTabControl.cpp">
      <Filter>Source\W3DDevice\GameClient %28W3DDevice%29\GUI %28W3DDevice%29\Gadget %28W3DDevice%29</Filter>
    </ClCompile>
    <ClCompile Include="Source\W3DDevice\GameClient\GUI\Gadget\W3DTextEntry.cpp">
      <Filter>Source\W3DDevice\GameClient %28W3DDevice%29\GUI %28W3DDevice%29\Gadget %28W3DDevice%29</Filter>
    </ClCompile>
    <ClCompile Include="Source\W3DDevice\GameClient\GUI\Gadget\W3DVerticalSlider.cpp">
      <Filter>Source\W3DDevice\GameClient %28W3DDevice%29\GUI %28W3DDevice%29\Gadget %28W3DDevice%29</Filter>
    </ClCompile>
    <ClCompile Include="Source\W3DDevice\GameClient\GUI\GUICallbacks\W3DMainMenu.cpp">
      <Filter>Source\W3DDevice\GameClient %28W3DDevice%29\GUI %28W3DDevice%29\GUICallbacks\Menus</Filter>
    </ClCompile>
    <ClCompile Include="Source\W3DDevice\GameClient\GUI\GUICallbacks\W3DControlBar.cpp">
      <Filter>Source\W3DDevice\GameClient %28W3DDevice%29\GUI %28W3DDevice%29\GUICallbacks</Filter>
    </ClCompile>
    <ClCompile Include="Source\W3DDevice\GameClient\GUI\GUICallbacks\W3DMOTD.cpp">
      <Filter>Source\W3DDevice\GameClient %28W3DDevice%29\GUI %28W3DDevice%29\GUICallbacks</Filter>
    </ClCompile>
    <ClCompile Include="Source\W3DDevice\GameClient\GUI\W3DGameFont.cpp">
      <Filter>Source\W3DDevice\GameClient %28W3DDevice%29\GUI %28W3DDevice%29</Filter>
    </ClCompile>
    <ClCompile Include="Source\W3DDevice\GameClient\GUI\W3DGameWindow.cpp">
      <Filter>Source\W3DDevice\GameClient %28W3DDevice%29\GUI %28W3DDevice%29</Filter>
    </ClCompile>
    <ClCompile Include="Source\W3DDevice\GameClient\GUI\W3DGameWindowManager.cpp">
      <Filter>Source\W3DDevice\GameClient %28W3DDevice%29\GUI %28W3DDevice%29</Filter>
    </ClCompile>
    <ClCompile Include="Source\W3DDevice\GameClient\Water\W3DWater.cpp">
      <Filter>Source\W3DDevice\GameClient %28W3DDevice%29\Water</Filter>
    </ClCompile>
    <ClCompile Include="Source\W3DDevice\GameClient\Water\W3DWaterTracks.cpp">
      <Filter>Source\W3DDevice\GameClient %28W3DDevice%29\Water</Filter>
    </ClCompile>
    <ClCompile Include="Source\W3DDevice\GameClient\Shadow\W3DBufferManager.cpp">
      <Filter>Source\W3DDevice\GameClient %28W3DDevice%29\Shadow</Filter>
    </ClCompile>
    <ClCompile Include="Source\W3DDevice\GameClient\Shadow\W3DProjectedShadow.cpp">
      <Filter>Source\W3DDevice\GameClient %28W3DDevice%29\Shadow</Filter>
    </ClCompile>
    <ClCompile Include="Source\W3DDevice\GameClient\Shadow\W3DShadow.cpp">
      <Filter>Source\W3DDevice\GameClient %28W3DDevice%29\Shadow</Filter>
    </ClCompile>
    <ClCompile Include="Source\W3DDevice\GameClient\Shadow\W3DVolumetricShadow.cpp">
      <Filter>Source\W3DDevice\GameClient %28W3DDevice%29\Shadow</Filter>
    </ClCompile>
    <ClCompile Include="Source\W3DDevice\GameClient\HeightMap.cpp">
      <Filter>Source\W3DDevice\GameClient %28W3DDevice%29</Filter>
    </ClCompile>
    <ClCompile Include="Source\W3DDevice\GameClient\TerrainTex.cpp">
      <Filter>Source\W3DDevice\GameClient %28W3DDevice%29</Filter>
    </ClCompile>
    <ClCompile Include="Source\W3DDevice\GameClient\TileData.cpp">
      <Filter>Source\W3DDevice\GameClient %28W3DDevice%29</Filter>
    </ClCompile>
    <ClCompile Include="Source\W3DDevice\GameClient\W3DAssetManager.cpp">
      <Filter>Source\W3DDevice\GameClient %28W3DDevice%29</Filter>
    </ClCompile>
    <ClCompile Include="Source\W3DDevice\GameClient\W3DAssetManagerExposed.cpp">
      <Filter>Source\W3DDevice\GameClient %28W3DDevice%29</Filter>
    </ClCompile>
    <ClCompile Include="Source\W3DDevice\GameClient\W3DBibBuffer.cpp">
      <Filter>Source\W3DDevice\GameClient %28W3DDevice%29</Filter>
    </ClCompile>
    <ClCompile Include="Source\W3DDevice\GameClient\W3DBridgeBuffer.cpp">
      <Filter>Source\W3DDevice\GameClient %28W3DDevice%29</Filter>
    </ClCompile>
    <ClCompile Include="Source\W3DDevice\GameClient\W3DCustomEdging.cpp">
      <Filter>Source\W3DDevice\GameClient %28W3DDevice%29</Filter>
    </ClCompile>
    <ClCompile Include="Source\W3DDevice\GameClient\W3DDebugDisplay.cpp">
      <Filter>Source\W3DDevice\GameClient %28W3DDevice%29</Filter>
    </ClCompile>
    <ClCompile Include="Source\W3DDevice\GameClient\W3DDebugIcons.cpp">
      <Filter>Source\W3DDevice\GameClient %28W3DDevice%29</Filter>
    </ClCompile>
    <ClCompile Include="Source\W3DDevice\GameClient\W3DDisplay.cpp">
      <Filter>Source\W3DDevice\GameClient %28W3DDevice%29</Filter>
    </ClCompile>
    <ClCompile Include="Source\W3DDevice\GameClient\W3DDisplayString.cpp">
      <Filter>Source\W3DDevice\GameClient %28W3DDevice%29</Filter>
    </ClCompile>
    <ClCompile Include="Source\W3DDevice\GameClient\W3DDisplayStringManager.cpp">
      <Filter>Source\W3DDevice\GameClient %28W3DDevice%29</Filter>
    </ClCompile>
    <ClCompile Include="Source\W3DDevice\GameClient\W3DDynamicLight.cpp">
      <Filter>Source\W3DDevice\GameClient %28W3DDevice%29</Filter>
    </ClCompile>
    <ClCompile Include="Source\W3DDevice\GameClient\W3DFileSystem.cpp">
      <Filter>Source\W3DDevice\GameClient %28W3DDevice%29</Filter>
    </ClCompile>
    <ClCompile Include="Source\W3DDevice\GameClient\W3DGameClient.cpp">
      <Filter>Source\W3DDevice\GameClient %28W3DDevice%29</Filter>
    </ClCompile>
    <ClCompile Include="Source\W3DDevice\GameClient\W3DGranny.cpp">
      <Filter>Source\W3DDevice\GameClient %28W3DDevice%29</Filter>
    </ClCompile>
    <ClCompile Include="Source\W3DDevice\GameClient\W3DInGameUI.cpp">
      <Filter>Source\W3DDevice\GameClient %28W3DDevice%29</Filter>
    </ClCompile>
    <ClCompile Include="Source\W3DDevice\GameClient\W3DMouse.cpp">
      <Filter>Source\W3DDevice\GameClient %28W3DDevice%29</Filter>
    </ClCompile>
    <ClCompile Include="Source\W3DDevice\GameClient\W3DParticleSys.cpp">
      <Filter>Source\W3DDevice\GameClient %28W3DDevice%29</Filter>
    </ClCompile>
    <ClCompile Include="Source\W3DDevice\GameClient\W3DPoly.cpp">
      <Filter>Source\W3DDevice\GameClient %28W3DDevice%29</Filter>
    </ClCompile>
    <ClCompile Include="Source\W3DDevice\GameClient\W3DRoadBuffer.cpp">
      <Filter>Source\W3DDevice\GameClient %28W3DDevice%29</Filter>
    </ClCompile>
    <ClCompile Include="Source\W3DDevice\GameClient\W3DScene.cpp">
      <Filter>Source\W3DDevice\GameClient %28W3DDevice%29</Filter>
    </ClCompile>
    <ClCompile Include="Source\W3DDevice\GameClient\W3DShaderManager.cpp">
      <Filter>Source\W3DDevice\GameClient %28W3DDevice%29</Filter>
    </ClCompile>
    <ClCompile Include="Source\W3DDevice\GameClient\W3DShroud.cpp">
      <Filter>Source\W3DDevice\GameClient %28W3DDevice%29</Filter>
    </ClCompile>
    <ClCompile Include="Source\W3DDevice\GameClient\W3DStatusCircle.cpp">
      <Filter>Source\W3DDevice\GameClient %28W3DDevice%29</Filter>
    </ClCompile>
    <ClCompile Include="Source\W3DDevice\GameClient\W3DTerrainTracks.cpp">
      <Filter>Source\W3DDevice\GameClient %28W3DDevice%29</Filter>
    </ClCompile>
    <ClCompile Include="Source\W3DDevice\GameClient\W3DTerrainVisual.cpp">
      <Filter>Source\W3DDevice\GameClient %28W3DDevice%29</Filter>
    </ClCompile>
    <ClCompile Include="Source\W3DDevice\GameClient\W3DTreeBuffer.cpp">
      <Filter>Source\W3DDevice\GameClient %28W3DDevice%29</Filter>
    </ClCompile>
    <ClCompile Include="Source\W3DDevice\GameClient\W3DVideoBuffer.cpp">
      <Filter>Source\W3DDevice\GameClient %28W3DDevice%29</Filter>
    </ClCompile>
    <ClCompile Include="Source\W3DDevice\GameClient\W3DView.cpp">
      <Filter>Source\W3DDevice\GameClient %28W3DDevice%29</Filter>
    </ClCompile>
    <ClCompile Include="Source\W3DDevice\GameClient\W3dWaypointBuffer.cpp">
      <Filter>Source\W3DDevice\GameClient %28W3DDevice%29</Filter>
    </ClCompile>
    <ClCompile Include="Source\W3DDevice\GameClient\W3DWebBrowser.cpp">
      <Filter>Source\W3DDevice\GameClient %28W3DDevice%29</Filter>
    </ClCompile>
    <ClCompile Include="Source\W3DDevice\GameClient\WorldHeightMap.cpp">
      <Filter>Source\W3DDevice\GameClient %28W3DDevice%29</Filter>
    </ClCompile>
    <ClCompile Include="Source\Win32Device\Common\Win32BIGFile.cpp">
      <Filter>Source\Win32Device\Common %28Win32Device%29</Filter>
    </ClCompile>
    <ClCompile Include="Source\Win32Device\Common\Win32BIGFileSystem.cpp">
      <Filter>Source\Win32Device\Common %28Win32Device%29</Filter>
    </ClCompile>
    <ClCompile Include="Source\Win32Device\Common\Win32CDManager.cpp">
      <Filter>Source\Win32Device\Common %28Win32Device%29</Filter>
    </ClCompile>
    <ClCompile Include="Source\Win32Device\Common\Win32GameEngine.cpp">
      <Filter>Source\Win32Device\Common %28Win32Device%29</Filter>
    </ClCompile>
    <ClCompile Include="Source\Win32Device\Common\Win32LocalFile.cpp">
      <Filter>Source\Win32Device\Common %28Win32Device%29</Filter>
    </ClCompile>
    <ClCompile Include="Source\Win32Device\Common\Win32LocalFileSystem.cpp">
      <Filter>Source\Win32Device\Common %28Win32Device%29</Filter>
    </ClCompile>
    <ClCompile Include="Source\Win32Device\Common\Win32OSDisplay.cpp">
      <Filter>Source\Win32Device\Common %28Win32Device%29</Filter>
    </ClCompile>
    <ClCompile Include="Source\Win32Device\GameClient\Win32DIKeyboard.cpp">
      <Filter>Source\Win32Device\GameClient %28Win32Device%29</Filter>
    </ClCompile>
    <ClCompile Include="Source\Win32Device\GameClient\Win32Mouse.cpp">
      <Filter>Source\Win32Device\GameClient %28Win32Device%29</Filter>
    </ClCompile>
    <ClCompile Include="Source\VideoDevice\Bink\BinkVideoPlayer.cpp">
      <Filter>Source\VideoDevice\Bink</Filter>
    </ClCompile>
    <ClCompile Include="Source\MilesAudioDevice\MilesAudioManager.cpp">
      <Filter>Source\MilesAudioDevice</Filter>
    </ClCompile>
  </ItemGroup>
  <ItemGroup>
    <ClInclude Include="Include\W3DDevice\GameLogic\W3DGameLogic.h">
      <Filter>Include\W3DDevice H\GameLogic H %28W3DDevice%29</Filter>
    </ClInclude>
    <ClInclude Include="Include\W3DDevice\GameLogic\W3DGhostObject.h">
      <Filter>Include\W3DDevice H\GameLogic H %28W3DDevice%29</Filter>
    </ClInclude>
    <ClInclude Include="Include\W3DDevice\GameLogic\W3DTerrainLogic.h">
      <Filter>Include\W3DDevice H\GameLogic H %28W3DDevice%29</Filter>
    </ClInclude>
    <ClInclude Include="Include\W3DDevice\Common\W3DConvert.h">
      <Filter>Include\W3DDevice H\Common H %28W3DDevice%29</Filter>
    </ClInclude>
    <ClInclude Include="Include\W3DDevice\Common\W3DFunctionLexicon.h">
      <Filter>Include\W3DDevice H\Common H %28W3DDevice%29</Filter>
    </ClInclude>
    <ClInclude Include="Include\W3DDevice\Common\W3DModuleFactory.h">
      <Filter>Include\W3DDevice H\Common H %28W3DDevice%29</Filter>
    </ClInclude>
    <ClInclude Include="Include\W3DDevice\Common\W3DRadar.h">
      <Filter>Include\W3DDevice H\Common H %28W3DDevice%29</Filter>
    </ClInclude>
    <ClInclude Include="Include\W3DDevice\Common\W3DThingFactory.h">
      <Filter>Include\W3DDevice H\Common H %28W3DDevice%29</Filter>
    </ClInclude>
    <ClInclude Include="Include\W3DDevice\GameClient\W3DAssetManagerExposed.h">
      <Filter>Include\W3DDevice H\GameClient H %28W3DDevice%29\Module H %28W3DDevice%29</Filter>
    </ClInclude>
    <ClInclude Include="Include\W3DDevice\GameClient\Module\W3DDebrisDraw.h">
      <Filter>Include\W3DDevice H\GameClient H %28W3DDevice%29\Module H %28W3DDevice%29</Filter>
    </ClInclude>
    <ClInclude Include="Include\W3DDevice\GameClient\Module\W3DDefaultDraw.h">
      <Filter>Include\W3DDevice H\GameClient H %28W3DDevice%29\Module H %28W3DDevice%29</Filter>
    </ClInclude>
    <ClInclude Include="Include\W3DDevice\GameClient\Module\W3DDependencyModelDraw.h">
      <Filter>Include\W3DDevice H\GameClient H %28W3DDevice%29\Module H %28W3DDevice%29</Filter>
    </ClInclude>
    <ClInclude Include="Include\W3DDevice\GameClient\Module\W3DLaserDraw.h">
      <Filter>Include\W3DDevice H\GameClient H %28W3DDevice%29\Module H %28W3DDevice%29</Filter>
    </ClInclude>
    <ClInclude Include="Include\W3DDevice\GameClient\Module\W3DModelDraw.h">
      <Filter>Include\W3DDevice H\GameClient H %28W3DDevice%29\Module H %28W3DDevice%29</Filter>
    </ClInclude>
    <ClInclude Include="Include\W3DDevice\GameClient\Module\W3DOverlordTankDraw.h">
      <Filter>Include\W3DDevice H\GameClient H %28W3DDevice%29\Module H %28W3DDevice%29</Filter>
    </ClInclude>
    <ClInclude Include="Include\W3DDevice\GameClient\Module\W3DPoliceCarDraw.h">
      <Filter>Include\W3DDevice H\GameClient H %28W3DDevice%29\Module H %28W3DDevice%29</Filter>
    </ClInclude>
    <ClInclude Include="Include\W3DDevice\GameClient\Module\W3DProjectileStreamDraw.h">
      <Filter>Include\W3DDevice H\GameClient H %28W3DDevice%29\Module H %28W3DDevice%29</Filter>
    </ClInclude>
    <ClInclude Include="Include\W3DDevice\GameClient\Module\W3DRopeDraw.h">
      <Filter>Include\W3DDevice H\GameClient H %28W3DDevice%29\Module H %28W3DDevice%29</Filter>
    </ClInclude>
    <ClInclude Include="Include\W3DDevice\GameClient\Module\W3DScienceModelDraw.h">
      <Filter>Include\W3DDevice H\GameClient H %28W3DDevice%29\Module H %28W3DDevice%29</Filter>
    </ClInclude>
    <ClInclude Include="Include\W3DDevice\GameClient\Module\W3DSupplyDraw.h">
      <Filter>Include\W3DDevice H\GameClient H %28W3DDevice%29\Module H %28W3DDevice%29</Filter>
    </ClInclude>
    <ClInclude Include="Include\W3DDevice\GameClient\Module\W3DTankDraw.h">
      <Filter>Include\W3DDevice H\GameClient H %28W3DDevice%29\Module H %28W3DDevice%29</Filter>
    </ClInclude>
    <ClInclude Include="Include\W3DDevice\GameClient\Module\W3DTankTruckDraw.h">
      <Filter>Include\W3DDevice H\GameClient H %28W3DDevice%29\Module H %28W3DDevice%29</Filter>
    </ClInclude>
    <ClInclude Include="Include\W3DDevice\GameClient\Module\W3DTracerDraw.h">
      <Filter>Include\W3DDevice H\GameClient H %28W3DDevice%29\Module H %28W3DDevice%29</Filter>
    </ClInclude>
    <ClInclude Include="Include\W3DDevice\GameClient\Module\W3DTruckDraw.h">
      <Filter>Include\W3DDevice H\GameClient H %28W3DDevice%29\Module H %28W3DDevice%29</Filter>
    </ClInclude>
    <ClInclude Include="Include\W3DDevice\GameClient\HeightMap.h">
      <Filter>Include\W3DDevice H\GameClient H %28W3DDevice%29</Filter>
    </ClInclude>
    <ClInclude Include="Include\W3DDevice\GameClient\TerrainTex.h">
      <Filter>Include\W3DDevice H\GameClient H %28W3DDevice%29</Filter>
    </ClInclude>
    <ClInclude Include="Include\W3DDevice\GameClient\TileData.h">
      <Filter>Include\W3DDevice H\GameClient H %28W3DDevice%29</Filter>
    </ClInclude>
    <ClInclude Include="Include\W3DDevice\GameClient\W3DAssetManager.h">
      <Filter>Include\W3DDevice H\GameClient H %28W3DDevice%29</Filter>
    </ClInclude>
    <ClInclude Include="Include\W3DDevice\GameClient\W3DBibBuffer.h">
      <Filter>Include\W3DDevice H\GameClient H %28W3DDevice%29</Filter>
    </ClInclude>
    <ClInclude Include="Include\W3DDevice\GameClient\W3DBridgeBuffer.h">
      <Filter>Include\W3DDevice H\GameClient H %28W3DDevice%29</Filter>
    </ClInclude>
    <ClInclude Include="Include\W3DDevice\GameClient\W3DBufferManager.h">
      <Filter>Include\W3DDevice H\GameClient H %28W3DDevice%29</Filter>
    </ClInclude>
    <ClInclude Include="Include\W3DDevice\GameClient\W3DCustomEdging.h">
      <Filter>Include\W3DDevice H\GameClient H %28W3DDevice%29</Filter>
    </ClInclude>
    <ClInclude Include="Include\W3DDevice\GameClient\W3DCustomScene.h">
      <Filter>Include\W3DDevice H\GameClient H %28W3DDevice%29</Filter>
    </ClInclude>
    <ClInclude Include="Include\W3DDevice\GameClient\W3DDebugDisplay.h">
      <Filter>Include\W3DDevice H\GameClient H %28W3DDevice%29</Filter>
    </ClInclude>
    <ClInclude Include="Include\W3DDevice\GameClient\W3DDebugIcons.h">
      <Filter>Include\W3DDevice H\GameClient H %28W3DDevice%29</Filter>
    </ClInclude>
    <ClInclude Include="Include\W3DDevice\GameClient\W3DDisplay.h">
      <Filter>Include\W3DDevice H\GameClient H %28W3DDevice%29</Filter>
    </ClInclude>
    <ClInclude Include="Include\W3DDevice\GameClient\W3DDisplayString.h">
      <Filter>Include\W3DDevice H\GameClient H %28W3DDevice%29</Filter>
    </ClInclude>
    <ClInclude Include="Include\W3DDevice\GameClient\W3DDisplayStringManager.h">
      <Filter>Include\W3DDevice H\GameClient H %28W3DDevice%29</Filter>
    </ClInclude>
    <ClInclude Include="Include\W3DDevice\GameClient\W3DDynamicLight.h">
      <Filter>Include\W3DDevice H\GameClient H %28W3DDevice%29</Filter>
    </ClInclude>
    <ClInclude Include="Include\W3DDevice\GameClient\W3DFileSystem.h">
      <Filter>Include\W3DDevice H\GameClient H %28W3DDevice%29</Filter>
    </ClInclude>
    <ClInclude Include="Include\W3DDevice\GameClient\W3DGadget.h">
      <Filter>Include\W3DDevice H\GameClient H %28W3DDevice%29</Filter>
    </ClInclude>
    <ClInclude Include="Include\W3DDevice\GameClient\W3DGameClient.h">
      <Filter>Include\W3DDevice H\GameClient H %28W3DDevice%29</Filter>
    </ClInclude>
    <ClInclude Include="Include\W3DDevice\GameClient\W3DGameFont.h">
      <Filter>Include\W3DDevice H\GameClient H %28W3DDevice%29</Filter>
    </ClInclude>
    <ClInclude Include="Include\W3DDevice\GameClient\W3DGameWindow.h">
      <Filter>Include\W3DDevice H\GameClient H %28W3DDevice%29</Filter>
    </ClInclude>
    <ClInclude Include="Include\W3DDevice\GameClient\W3DGameWindowManager.h">
      <Filter>Include\W3DDevice H\GameClient H %28W3DDevice%29</Filter>
    </ClInclude>
    <ClInclude Include="Include\W3DDevice\GameClient\W3DGranny.h">
      <Filter>Include\W3DDevice H\GameClient H %28W3DDevice%29</Filter>
    </ClInclude>
    <ClInclude Include="Include\W3DDevice\GameClient\W3DGUICallbacks.h">
      <Filter>Include\W3DDevice H\GameClient H %28W3DDevice%29</Filter>
    </ClInclude>
    <ClInclude Include="Include\W3DDevice\GameClient\W3DInGameUI.h">
      <Filter>Include\W3DDevice H\GameClient H %28W3DDevice%29</Filter>
    </ClInclude>
    <ClInclude Include="Include\W3DDevice\GameClient\W3DMirror.h">
      <Filter>Include\W3DDevice H\GameClient H %28W3DDevice%29</Filter>
    </ClInclude>
    <ClInclude Include="Include\W3DDevice\GameClient\W3DMouse.h">
      <Filter>Include\W3DDevice H\GameClient H %28W3DDevice%29</Filter>
    </ClInclude>
    <ClInclude Include="Include\W3DDevice\GameClient\W3DParticleSys.h">
      <Filter>Include\W3DDevice H\GameClient H %28W3DDevice%29</Filter>
    </ClInclude>
    <ClInclude Include="Include\W3DDevice\GameClient\W3DPoly.h">
      <Filter>Include\W3DDevice H\GameClient H %28W3DDevice%29</Filter>
    </ClInclude>
    <ClInclude Include="Include\W3DDevice\GameClient\W3DProjectedShadow.h">
      <Filter>Include\W3DDevice H\GameClient H %28W3DDevice%29</Filter>
    </ClInclude>
    <ClInclude Include="Include\W3DDevice\GameClient\W3DRoadBuffer.h">
      <Filter>Include\W3DDevice H\GameClient H %28W3DDevice%29</Filter>
    </ClInclude>
    <ClInclude Include="Include\W3DDevice\GameClient\W3DScene.h">
      <Filter>Include\W3DDevice H\GameClient H %28W3DDevice%29</Filter>
    </ClInclude>
    <ClInclude Include="Include\W3DDevice\GameClient\W3DShaderManager.h">
      <Filter>Include\W3DDevice H\GameClient H %28W3DDevice%29</Filter>
    </ClInclude>
    <ClInclude Include="Include\W3DDevice\GameClient\W3DShadow.h">
      <Filter>Include\W3DDevice H\GameClient H %28W3DDevice%29</Filter>
    </ClInclude>
    <ClInclude Include="Include\W3DDevice\GameClient\W3DShroud.h">
      <Filter>Include\W3DDevice H\GameClient H %28W3DDevice%29</Filter>
    </ClInclude>
    <ClInclude Include="Include\W3DDevice\GameClient\W3DStatusCircle.h">
      <Filter>Include\W3DDevice H\GameClient H %28W3DDevice%29</Filter>
    </ClInclude>
    <ClInclude Include="Include\W3DDevice\GameClient\W3DTerrainTracks.h">
      <Filter>Include\W3DDevice H\GameClient H %28W3DDevice%29</Filter>
    </ClInclude>
    <ClInclude Include="Include\W3DDevice\GameClient\W3DTerrainVisual.h">
      <Filter>Include\W3DDevice H\GameClient H %28W3DDevice%29</Filter>
    </ClInclude>
    <ClInclude Include="Include\W3DDevice\GameClient\W3DTreeBuffer.h">
      <Filter>Include\W3DDevice H\GameClient H %28W3DDevice%29</Filter>
    </ClInclude>
    <ClInclude Include="Include\W3DDevice\GameClient\W3DVideobuffer.h">
      <Filter>Include\W3DDevice H\GameClient H %28W3DDevice%29</Filter>
    </ClInclude>
    <ClInclude Include="Include\W3DDevice\GameClient\W3DView.h">
      <Filter>Include\W3DDevice H\GameClient H %28W3DDevice%29</Filter>
    </ClInclude>
    <ClInclude Include="Include\W3DDevice\GameClient\W3DVolumetricShadow.h">
      <Filter>Include\W3DDevice H\GameClient H %28W3DDevice%29</Filter>
    </ClInclude>
    <ClInclude Include="Include\W3DDevice\GameClient\W3DWater.h">
      <Filter>Include\W3DDevice H\GameClient H %28W3DDevice%29</Filter>
    </ClInclude>
    <ClInclude Include="Include\W3DDevice\GameClient\W3DWaterTracks.h">
      <Filter>Include\W3DDevice H\GameClient H %28W3DDevice%29</Filter>
    </ClInclude>
    <ClInclude Include="Include\W3DDevice\GameClient\W3DWaypointBuffer.h">
      <Filter>Include\W3DDevice H\GameClient H %28W3DDevice%29</Filter>
    </ClInclude>
    <ClInclude Include="Include\W3DDevice\GameClient\W3DWebBrowser.h">
      <Filter>Include\W3DDevice H\GameClient H %28W3DDevice%29</Filter>
    </ClInclude>
    <ClInclude Include="Include\W3DDevice\GameClient\WorldHeightMap.h">
      <Filter>Include\W3DDevice H\GameClient H %28W3DDevice%29</Filter>
    </ClInclude>
    <ClInclude Include="Include\Win32Device\Common\Win32BIGFile.h">
      <Filter>Include\Win32Device H\Common H %28Win32Device%29</Filter>
    </ClInclude>
    <ClInclude Include="Include\Win32Device\Common\Win32BIGFileSystem.h">
      <Filter>Include\Win32Device H\Common H %28Win32Device%29</Filter>
    </ClInclude>
    <ClInclude Include="Include\Win32Device\Common\Win32CDManager.h">
      <Filter>Include\Win32Device H\Common H %28Win32Device%29</Filter>
    </ClInclude>
    <ClInclude Include="Include\Win32Device\Common\Win32GameEngine.h">
      <Filter>Include\Win32Device H\Common H %28Win32Device%29</Filter>
    </ClInclude>
    <ClInclude Include="Include\Win32Device\Common\Win32LocalFile.h">
      <Filter>Include\Win32Device H\Common H %28Win32Device%29</Filter>
    </ClInclude>
    <ClInclude Include="Include\Win32Device\Common\Win32LocalFileSystem.h">
      <Filter>Include\Win32Device H\Common H %28Win32Device%29</Filter>
    </ClInclude>
    <ClInclude Include="Include\Win32Device\GameClient\Win32DIKeyboard.h">
      <Filter>Include\Win32Device H\GameClient H %28Win32Device%29</Filter>
    </ClInclude>
    <ClInclude Include="Include\Win32Device\GameClient\Win32Mouse.h">
      <Filter>Include\Win32Device H\GameClient H %28Win32Device%29</Filter>
    </ClInclude>
    <ClInclude Include="Include\VideoDevice\Bink\BINK.H">
      <Filter>Include\VideoDevice H\Bink H</Filter>
    </ClInclude>
    <ClInclude Include="Include\VideoDevice\Bink\BinkVideoPlayer.h">
      <Filter>Include\VideoDevice H\Bink H</Filter>
    </ClInclude>
    <ClInclude Include="Include\VideoDevice\Bink\RAD.H">
      <Filter>Include\VideoDevice H\Bink H</Filter>
    </ClInclude>
    <ClInclude Include="Include\VideoDevice\Bink\radbase.h">
      <Filter>Include\VideoDevice H\Bink H</Filter>
    </ClInclude>
    <ClInclude Include="Include\MilesAudioDevice\MilesAudioManager.h">
      <Filter>Include\MilesAudioDevice H</Filter>
    </ClInclude>
  </ItemGroup>
  <ItemGroup>
    <CustomBuild Include="Source\W3DDevice\GameClient\Water\wave.nvp">
      <Filter>Source\W3DDevice\GameClient %28W3DDevice%29\Water</Filter>
    </CustomBuild>
    <CustomBuild Include="Source\W3DDevice\GameClient\Water\wave.nvv">
      <Filter>Source\W3DDevice\GameClient %28W3DDevice%29\Water</Filter>
    </CustomBuild>
    <CustomBuild Include="Source\W3DDevice\GameClient\Shaders\invmonochrome.nvp">
      <Filter>Source\W3DDevice\GameClient %28W3DDevice%29\Shaders</Filter>
    </CustomBuild>
    <CustomBuild Include="Source\W3DDevice\GameClient\Shaders\monochrome.nvp">
      <Filter>Source\W3DDevice\GameClient %28W3DDevice%29\Shaders</Filter>
    </CustomBuild>
    <CustomBuild Include="Source\W3DDevice\GameClient\Shaders\motionblur.nvp">
      <Filter>Source\W3DDevice\GameClient %28W3DDevice%29\Shaders</Filter>
    </CustomBuild>
    <CustomBuild Include="Source\W3DDevice\GameClient\Shaders\MotionBlur.nvv">
      <Filter>Source\W3DDevice\GameClient %28W3DDevice%29\Shaders</Filter>
    </CustomBuild>
    <CustomBuild Include="Source\W3DDevice\GameClient\Shaders\roadnoise2.nvp">
      <Filter>Source\W3DDevice\GameClient %28W3DDevice%29\Shaders</Filter>
    </CustomBuild>
    <CustomBuild Include="Source\W3DDevice\GameClient\Shaders\terrain.nvp">
      <Filter>Source\W3DDevice\GameClient %28W3DDevice%29\Shaders</Filter>
    </CustomBuild>
    <CustomBuild Include="Source\W3DDevice\GameClient\Shaders\terrainnoise.nvp">
      <Filter>Source\W3DDevice\GameClient %28W3DDevice%29\Shaders</Filter>
    </CustomBuild>
    <CustomBuild Include="Source\W3DDevice\GameClient\Shaders\terrainnoise2.nvp">
      <Filter>Source\W3DDevice\GameClient %28W3DDevice%29\Shaders</Filter>
    </CustomBuild>
  </ItemGroup>
</Project>